// !$*UTF8*$!
{
	archiveVersion = 1;
	classes = {
	};
	objectVersion = 51;
	objects = {

/* Begin PBXBuildFile section */
		01C64611605796E43D5FE1A7 /* Pods_ChatTemplateTests.framework in Frameworks */ = {isa = PBXBuildFile; fileRef = 374B6597DF536931AB6811C8 /* Pods_ChatTemplateTests.framework */; };
		0B635535258211EE00885800 /* AuthTarget.swift in Sources */ = {isa = PBXBuildFile; fileRef = 0B635534258211EE00885800 /* AuthTarget.swift */; };
		0E2E2CA12578DDBE00A09E34 /* MessageCellAdvancedViewModelImpl.swift in Sources */ = {isa = PBXBuildFile; fileRef = 0E2E2C9E2578DDBE00A09E34 /* MessageCellAdvancedViewModelImpl.swift */; };
		0E2E2CA22578DDBE00A09E34 /* ChatItemAdvancedViewModelManager.swift in Sources */ = {isa = PBXBuildFile; fileRef = 0E2E2C9F2578DDBE00A09E34 /* ChatItemAdvancedViewModelManager.swift */; };
		0E2E2CA32578DDBE00A09E34 /* MessageCellAdvancedViewModel.swift in Sources */ = {isa = PBXBuildFile; fileRef = 0E2E2CA02578DDBE00A09E34 /* MessageCellAdvancedViewModel.swift */; };
		0E46166F256E302200D9A9C9 /* AvatarButton.swift in Sources */ = {isa = PBXBuildFile; fileRef = 0E461669256E302200D9A9C9 /* AvatarButton.swift */; };
		0E461670256E302200D9A9C9 /* AvatarImageViewModelImpl.swift in Sources */ = {isa = PBXBuildFile; fileRef = 0E46166A256E302200D9A9C9 /* AvatarImageViewModelImpl.swift */; };
		0E461671256E302200D9A9C9 /* AvatarImageViewModel.swift in Sources */ = {isa = PBXBuildFile; fileRef = 0E46166B256E302200D9A9C9 /* AvatarImageViewModel.swift */; };
		0E461673256E302200D9A9C9 /* AvatarImageView.swift in Sources */ = {isa = PBXBuildFile; fileRef = 0E46166D256E302200D9A9C9 /* AvatarImageView.swift */; };
		0E46167C256E3CE700D9A9C9 /* CustomUIView.swift in Sources */ = {isa = PBXBuildFile; fileRef = 0E46167B256E3CE700D9A9C9 /* CustomUIView.swift */; };
		0E461684256E41FD00D9A9C9 /* UIBezierPathUtils.swift in Sources */ = {isa = PBXBuildFile; fileRef = 0E461683256E41FD00D9A9C9 /* UIBezierPathUtils.swift */; };
		0EEFEE502581C21C00DBCF3B /* MainCoordinator.swift in Sources */ = {isa = PBXBuildFile; fileRef = 0EEFEE4F2581C21C00DBCF3B /* MainCoordinator.swift */; };
		0EF83EFF24FCA3ED00948E25 /* AppDelegate.swift in Sources */ = {isa = PBXBuildFile; fileRef = 0EF83EFE24FCA3ED00948E25 /* AppDelegate.swift */; };
		0EF83F0124FCA3ED00948E25 /* SceneDelegate.swift in Sources */ = {isa = PBXBuildFile; fileRef = 0EF83F0024FCA3ED00948E25 /* SceneDelegate.swift */; };
		0EF83F0824FCA3EE00948E25 /* Assets.xcassets in Resources */ = {isa = PBXBuildFile; fileRef = 0EF83F0724FCA3EE00948E25 /* Assets.xcassets */; };
		0EF83F0B24FCA3EE00948E25 /* LaunchScreen.storyboard in Resources */ = {isa = PBXBuildFile; fileRef = 0EF83F0924FCA3EE00948E25 /* LaunchScreen.storyboard */; };
		0EF83F1624FCA3EE00948E25 /* ChatTemplateTests.swift in Sources */ = {isa = PBXBuildFile; fileRef = 0EF83F1524FCA3EE00948E25 /* ChatTemplateTests.swift */; };
		0EF83F2124FCA3EE00948E25 /* ChatTemplateUITests.swift in Sources */ = {isa = PBXBuildFile; fileRef = 0EF83F2024FCA3EE00948E25 /* ChatTemplateUITests.swift */; };
		0EF83FBD24FCA50E00948E25 /* User.swift in Sources */ = {isa = PBXBuildFile; fileRef = 0EF83F3024FCA50D00948E25 /* User.swift */; };
		0EF83FBE24FCA50E00948E25 /* ArticleInfo.swift in Sources */ = {isa = PBXBuildFile; fileRef = 0EF83F3124FCA50D00948E25 /* ArticleInfo.swift */; };
		0EF83FBF24FCA50E00948E25 /* APIError.swift in Sources */ = {isa = PBXBuildFile; fileRef = 0EF83F3324FCA50D00948E25 /* APIError.swift */; };
		0EF83FC124FCA50E00948E25 /* SampleTarget.swift in Sources */ = {isa = PBXBuildFile; fileRef = 0EF83F3624FCA50D00948E25 /* SampleTarget.swift */; };
		0EF83FC724FCA50E00948E25 /* APIErrorProcessPlugin.swift in Sources */ = {isa = PBXBuildFile; fileRef = 0EF83F3D24FCA50D00948E25 /* APIErrorProcessPlugin.swift */; };
		0EF83FC824FCA50E00948E25 /* ProviderAPIBasic.swift in Sources */ = {isa = PBXBuildFile; fileRef = 0EF83F3F24FCA50D00948E25 /* ProviderAPIBasic.swift */; };
		0EF83FC924FCA50E00948E25 /* TokenRefresherImpl.swift in Sources */ = {isa = PBXBuildFile; fileRef = 0EF83F4024FCA50D00948E25 /* TokenRefresherImpl.swift */; };
		0EF83FCA24FCA50E00948E25 /* DefaultAlamofireManager.swift in Sources */ = {isa = PBXBuildFile; fileRef = 0EF83F4124FCA50D00948E25 /* DefaultAlamofireManager.swift */; };
		0EF83FCB24FCA50E00948E25 /* Provider.swift in Sources */ = {isa = PBXBuildFile; fileRef = 0EF83F4224FCA50D00948E25 /* Provider.swift */; };
		0EF83FCC24FCA50E00948E25 /* TokenRefresher.swift in Sources */ = {isa = PBXBuildFile; fileRef = 0EF83F4324FCA50D00948E25 /* TokenRefresher.swift */; };
		0EF83FCD24FCA50E00948E25 /* ProviderPlain.swift in Sources */ = {isa = PBXBuildFile; fileRef = 0EF83F4424FCA50D00948E25 /* ProviderPlain.swift */; };
		0EF83FCE24FCA50E00948E25 /* ProviderAPIWithRefreshToken.swift in Sources */ = {isa = PBXBuildFile; fileRef = 0EF83F4524FCA50D00948E25 /* ProviderAPIWithRefreshToken.swift */; };
		0EF83FCF24FCA50E00948E25 /* APIDecoder.swift in Sources */ = {isa = PBXBuildFile; fileRef = 0EF83F4624FCA50D00948E25 /* APIDecoder.swift */; };
		0EF83FD024FCA50E00948E25 /* APIOperation.swift in Sources */ = {isa = PBXBuildFile; fileRef = 0EF83F4724FCA50D00948E25 /* APIOperation.swift */; };
		0EF83FD124FCA50E00948E25 /* AsyncOperation.swift in Sources */ = {isa = PBXBuildFile; fileRef = 0EF83F4824FCA50D00948E25 /* AsyncOperation.swift */; };
		0EF83FD224FCA50E00948E25 /* api_video_detail_response_sample.json in Resources */ = {isa = PBXBuildFile; fileRef = 0EF83F4A24FCA50D00948E25 /* api_video_detail_response_sample.json */; };
		0EF83FD324FCA50E00948E25 /* Staging.xcconfig in Resources */ = {isa = PBXBuildFile; fileRef = 0EF83F4C24FCA50D00948E25 /* Staging.xcconfig */; };
		0EF83FD424FCA50E00948E25 /* Product.xcconfig in Resources */ = {isa = PBXBuildFile; fileRef = 0EF83F4D24FCA50D00948E25 /* Product.xcconfig */; };
		0EF83FD524FCA50E00948E25 /* api_videos_sample_response.json in Resources */ = {isa = PBXBuildFile; fileRef = 0EF83F4E24FCA50D00948E25 /* api_videos_sample_response.json */; };
		0EF83FD624FCA50E00948E25 /* GoogleService-Info.plist in Resources */ = {isa = PBXBuildFile; fileRef = 0EF83F4F24FCA50D00948E25 /* GoogleService-Info.plist */; };
		0EF83FD724FCA50E00948E25 /* campaign_and_others_info_get_api.php in Resources */ = {isa = PBXBuildFile; fileRef = 0EF83F5024FCA50D00948E25 /* campaign_and_others_info_get_api.php */; };
		0EF83FD824FCA50E00948E25 /* api_videos_ranking_sample_response.json in Resources */ = {isa = PBXBuildFile; fileRef = 0EF83F5224FCA50D00948E25 /* api_videos_ranking_sample_response.json */; };
		0EF83FD924FCA50E00948E25 /* api_top_sample_response.json in Resources */ = {isa = PBXBuildFile; fileRef = 0EF83F5324FCA50D00948E25 /* api_top_sample_response.json */; };
		0EF83FDA24FCA50E00948E25 /* delete_article_api.php in Resources */ = {isa = PBXBuildFile; fileRef = 0EF83F5424FCA50D00948E25 /* delete_article_api.php */; };
		0EF83FDB24FCA50E00948E25 /* login_api.php in Resources */ = {isa = PBXBuildFile; fileRef = 0EF83F5524FCA50D00948E25 /* login_api.php */; };
		0EF83FDC24FCA50E00948E25 /* api_notifications_sample_response.json in Resources */ = {isa = PBXBuildFile; fileRef = 0EF83F5624FCA50D00948E25 /* api_notifications_sample_response.json */; };
		0EF83FDD24FCA50E00948E25 /* Constant.swift in Sources */ = {isa = PBXBuildFile; fileRef = 0EF83F5824FCA50D00948E25 /* Constant.swift */; };
		0EF83FDE24FCA50E00948E25 /* UrlDef.swift in Sources */ = {isa = PBXBuildFile; fileRef = 0EF83F5924FCA50D00948E25 /* UrlDef.swift */; };
		0EF83FDF24FCA50E00948E25 /* Environment.swift in Sources */ = {isa = PBXBuildFile; fileRef = 0EF83F5A24FCA50D00948E25 /* Environment.swift */; };
		0EF83FE024FCA50E00948E25 /* UIActivityIndicatorUtils.swift in Sources */ = {isa = PBXBuildFile; fileRef = 0EF83F5C24FCA50D00948E25 /* UIActivityIndicatorUtils.swift */; };
		0EF83FE124FCA50E00948E25 /* StringUtils.swift in Sources */ = {isa = PBXBuildFile; fileRef = 0EF83F5D24FCA50D00948E25 /* StringUtils.swift */; };
		0EF83FE224FCA50E00948E25 /* ArrayUtils.swift in Sources */ = {isa = PBXBuildFile; fileRef = 0EF83F5E24FCA50D00948E25 /* ArrayUtils.swift */; };
		0EF83FE324FCA50E00948E25 /* DateUtils.swift in Sources */ = {isa = PBXBuildFile; fileRef = 0EF83F5F24FCA50D00948E25 /* DateUtils.swift */; };
		0EF83FE424FCA50E00948E25 /* UIViewControllerUtils.swift in Sources */ = {isa = PBXBuildFile; fileRef = 0EF83F6024FCA50D00948E25 /* UIViewControllerUtils.swift */; };
		0EF83FE524FCA50E00948E25 /* ContextInfo.swift in Sources */ = {isa = PBXBuildFile; fileRef = 0EF83F6124FCA50D00948E25 /* ContextInfo.swift */; };
		0EF83FE624FCA50E00948E25 /* DictionaryUtils.swift in Sources */ = {isa = PBXBuildFile; fileRef = 0EF83F6224FCA50D00948E25 /* DictionaryUtils.swift */; };
		0EF83FE724FCA50E00948E25 /* UINavigationControllerUtils.swift in Sources */ = {isa = PBXBuildFile; fileRef = 0EF83F6324FCA50D00948E25 /* UINavigationControllerUtils.swift */; };
		0EF83FE824FCA50E00948E25 /* AppSecretsManager.swift in Sources */ = {isa = PBXBuildFile; fileRef = 0EF83F6424FCA50D00948E25 /* AppSecretsManager.swift */; };
		0EF83FE924FCA50E00948E25 /* PrefsImpl.swift in Sources */ = {isa = PBXBuildFile; fileRef = 0EF83F6524FCA50D00948E25 /* PrefsImpl.swift */; };
		0EF83FEA24FCA50E00948E25 /* Enum.swift in Sources */ = {isa = PBXBuildFile; fileRef = 0EF83F6624FCA50D00948E25 /* Enum.swift */; };
		0EF83FEB24FCA50E00948E25 /* Prefs.swift in Sources */ = {isa = PBXBuildFile; fileRef = 0EF83F6724FCA50D00948E25 /* Prefs.swift */; };
		0EF83FF024FCA50E00948E25 /* SplashScreenViewController.xib in Resources */ = {isa = PBXBuildFile; fileRef = 0EF83F7024FCA50D00948E25 /* SplashScreenViewController.xib */; };
		0EF83FF124FCA50E00948E25 /* SplashScreenViewModelImpl.swift in Sources */ = {isa = PBXBuildFile; fileRef = 0EF83F7124FCA50D00948E25 /* SplashScreenViewModelImpl.swift */; };
		0EF83FF224FCA50E00948E25 /* SplashScreenViewModel.swift in Sources */ = {isa = PBXBuildFile; fileRef = 0EF83F7224FCA50D00948E25 /* SplashScreenViewModel.swift */; };
		0EF83FF324FCA50E00948E25 /* SplashScreenViewController.swift in Sources */ = {isa = PBXBuildFile; fileRef = 0EF83F7324FCA50D00948E25 /* SplashScreenViewController.swift */; };
		0EF8400024FCA50E00948E25 /* LoadingIndicatorViewModelImpl.swift in Sources */ = {isa = PBXBuildFile; fileRef = 0EF83F8424FCA50D00948E25 /* LoadingIndicatorViewModelImpl.swift */; };
		0EF8400124FCA50E00948E25 /* BasicViewModelImpl.swift in Sources */ = {isa = PBXBuildFile; fileRef = 0EF83F8524FCA50D00948E25 /* BasicViewModelImpl.swift */; };
		0EF8400224FCA50E00948E25 /* LoadingIndicatorViewModel.swift in Sources */ = {isa = PBXBuildFile; fileRef = 0EF83F8624FCA50D00948E25 /* LoadingIndicatorViewModel.swift */; };
		0EF8400324FCA50E00948E25 /* BasicViewModel.swift in Sources */ = {isa = PBXBuildFile; fileRef = 0EF83F8724FCA50D00948E25 /* BasicViewModel.swift */; };
		0EF8400424FCA50E00948E25 /* AppCoordinatorImpl.swift in Sources */ = {isa = PBXBuildFile; fileRef = 0EF83F8924FCA50D00948E25 /* AppCoordinatorImpl.swift */; };
		0EF8400524FCA50E00948E25 /* AppCoordinator.swift in Sources */ = {isa = PBXBuildFile; fileRef = 0EF83F8A24FCA50D00948E25 /* AppCoordinator.swift */; };
		0EF8400824FCA50E00948E25 /* Coordinator.swift in Sources */ = {isa = PBXBuildFile; fileRef = 0EF83F8D24FCA50D00948E25 /* Coordinator.swift */; };
		0EF8400924FCA50E00948E25 /* AlertBuilder.swift in Sources */ = {isa = PBXBuildFile; fileRef = 0EF83F8F24FCA50D00948E25 /* AlertBuilder.swift */; };
		0EF8400A24FCA50E00948E25 /* AlertModel.swift in Sources */ = {isa = PBXBuildFile; fileRef = 0EF83F9024FCA50D00948E25 /* AlertModel.swift */; };
		0EF8400B24FCA50E00948E25 /* AlertPresentableView.swift in Sources */ = {isa = PBXBuildFile; fileRef = 0EF83F9124FCA50D00948E25 /* AlertPresentableView.swift */; };
		0EF8400C24FCA50E00948E25 /* AlertPresentableViewModel.swift in Sources */ = {isa = PBXBuildFile; fileRef = 0EF83F9224FCA50D00948E25 /* AlertPresentableViewModel.swift */; };
		0EF8400D24FCA50E00948E25 /* BaseViewController.swift in Sources */ = {isa = PBXBuildFile; fileRef = 0EF83F9424FCA50D00948E25 /* BaseViewController.swift */; };
		0EF8400E24FCA50E00948E25 /* SwitchNavigationController.swift in Sources */ = {isa = PBXBuildFile; fileRef = 0EF83F9524FCA50E00948E25 /* SwitchNavigationController.swift */; };
		0EF8400F24FCA50E00948E25 /* BaseNavigationController.swift in Sources */ = {isa = PBXBuildFile; fileRef = 0EF83F9624FCA50E00948E25 /* BaseNavigationController.swift */; };
		0EF8401424FCA50E00948E25 /* RootViewModelImpl.swift in Sources */ = {isa = PBXBuildFile; fileRef = 0EF83FA724FCA50E00948E25 /* RootViewModelImpl.swift */; };
		0EF8401524FCA50E00948E25 /* RootViewController.swift in Sources */ = {isa = PBXBuildFile; fileRef = 0EF83FA824FCA50E00948E25 /* RootViewController.swift */; };
		0EF8401624FCA50E00948E25 /* RootViewModel.swift in Sources */ = {isa = PBXBuildFile; fileRef = 0EF83FA924FCA50E00948E25 /* RootViewModel.swift */; };
		0EF8411E24FCB6E300948E25 /* ChatScreenViewController.xib in Resources */ = {isa = PBXBuildFile; fileRef = 0EF840E424FCB6E300948E25 /* ChatScreenViewController.xib */; };
		0EF8411F24FCB6E300948E25 /* ChatScreenViewModelMock.swift in Sources */ = {isa = PBXBuildFile; fileRef = 0EF840E524FCB6E300948E25 /* ChatScreenViewModelMock.swift */; };
		0EF8412024FCB6E300948E25 /* LoadMoreHeaderFooterView.xib in Resources */ = {isa = PBXBuildFile; fileRef = 0EF840E824FCB6E300948E25 /* LoadMoreHeaderFooterView.xib */; };
		0EF8412124FCB6E300948E25 /* LoadMoreHeaderFooterView.swift in Sources */ = {isa = PBXBuildFile; fileRef = 0EF840E924FCB6E300948E25 /* LoadMoreHeaderFooterView.swift */; };
		0EF8412224FCB6E300948E25 /* ChatItemTimeCellViewModel.swift in Sources */ = {isa = PBXBuildFile; fileRef = 0EF840EB24FCB6E300948E25 /* ChatItemTimeCellViewModel.swift */; };
		0EF8412324FCB6E300948E25 /* ChatTimeCell.xib in Resources */ = {isa = PBXBuildFile; fileRef = 0EF840EC24FCB6E300948E25 /* ChatTimeCell.xib */; };
		0EF8412424FCB6E300948E25 /* ChatItemTimeCellViewModelImpl.swift in Sources */ = {isa = PBXBuildFile; fileRef = 0EF840ED24FCB6E300948E25 /* ChatItemTimeCellViewModelImpl.swift */; };
		0EF8412524FCB6E300948E25 /* ChatTimeCell.swift in Sources */ = {isa = PBXBuildFile; fileRef = 0EF840EE24FCB6E300948E25 /* ChatTimeCell.swift */; };
		0EF8412624FCB6E300948E25 /* MessageCellViewModel.swift in Sources */ = {isa = PBXBuildFile; fileRef = 0EF840F024FCB6E300948E25 /* MessageCellViewModel.swift */; };
		0EF8412724FCB6E300948E25 /* Message.swift in Sources */ = {isa = PBXBuildFile; fileRef = 0EF840F124FCB6E300948E25 /* Message.swift */; };
		0EF8412824FCB6E300948E25 /* MessageImageCell.swift in Sources */ = {isa = PBXBuildFile; fileRef = 0EF840F324FCB6E300948E25 /* MessageImageCell.swift */; };
		0EF8412924FCB6E300948E25 /* MessageImageCellViewModel.swift in Sources */ = {isa = PBXBuildFile; fileRef = 0EF840F424FCB6E300948E25 /* MessageImageCellViewModel.swift */; };
		0EF8412A24FCB6E300948E25 /* MessageImageCell.xib in Resources */ = {isa = PBXBuildFile; fileRef = 0EF840F524FCB6E300948E25 /* MessageImageCell.xib */; };
		0EF8412C24FCB6E300948E25 /* MessageImageCellViewModelImpl.swift in Sources */ = {isa = PBXBuildFile; fileRef = 0EF840F724FCB6E300948E25 /* MessageImageCellViewModelImpl.swift */; };
		0EF8412D24FCB6E300948E25 /* MessageTextCellViewModel.swift in Sources */ = {isa = PBXBuildFile; fileRef = 0EF840F924FCB6E300948E25 /* MessageTextCellViewModel.swift */; };
		0EF8412E24FCB6E300948E25 /* MessageTextCell.xib in Resources */ = {isa = PBXBuildFile; fileRef = 0EF840FA24FCB6E300948E25 /* MessageTextCell.xib */; };
		0EF8412F24FCB6E300948E25 /* MessageTextCellViewModelImpl.swift in Sources */ = {isa = PBXBuildFile; fileRef = 0EF840FB24FCB6E300948E25 /* MessageTextCellViewModelImpl.swift */; };
		0EF8413024FCB6E300948E25 /* MessageTextCell.swift in Sources */ = {isa = PBXBuildFile; fileRef = 0EF840FC24FCB6E300948E25 /* MessageTextCell.swift */; };
		0EF8413124FCB6E300948E25 /* ChatUser.swift in Sources */ = {isa = PBXBuildFile; fileRef = 0EF840FD24FCB6E300948E25 /* ChatUser.swift */; };
		0EF8413224FCB6E300948E25 /* MessageCell.swift in Sources */ = {isa = PBXBuildFile; fileRef = 0EF840FE24FCB6E300948E25 /* MessageCell.swift */; };
		0EF8413324FCB6E300948E25 /* MessageCellViewModelImpl.swift in Sources */ = {isa = PBXBuildFile; fileRef = 0EF840FF24FCB6E300948E25 /* MessageCellViewModelImpl.swift */; };
		0EF8413424FCB6E300948E25 /* ChatCell.swift in Sources */ = {isa = PBXBuildFile; fileRef = 0EF8410024FCB6E300948E25 /* ChatCell.swift */; };
		0EF8413524FCB6E300948E25 /* ChatCellViewModel.swift in Sources */ = {isa = PBXBuildFile; fileRef = 0EF8410124FCB6E300948E25 /* ChatCellViewModel.swift */; };
		0EF8413624FCB6E300948E25 /* ChatScreenViewController.swift in Sources */ = {isa = PBXBuildFile; fileRef = 0EF8410224FCB6E300948E25 /* ChatScreenViewController.swift */; };
		0EF8413724FCB6E300948E25 /* ChatScreenViewModel.swift in Sources */ = {isa = PBXBuildFile; fileRef = 0EF8410324FCB6E300948E25 /* ChatScreenViewModel.swift */; };
		0EF8413824FCB6E300948E25 /* InputLayoutViewControllerImpl.swift in Sources */ = {isa = PBXBuildFile; fileRef = 0EF8410524FCB6E300948E25 /* InputLayoutViewControllerImpl.swift */; };
		0EF8413924FCB6E300948E25 /* InputLayoutViewController.swift in Sources */ = {isa = PBXBuildFile; fileRef = 0EF8410624FCB6E300948E25 /* InputLayoutViewController.swift */; };
		0EF8413A24FCB6E300948E25 /* ChatItemsModifier.swift in Sources */ = {isa = PBXBuildFile; fileRef = 0EF8410824FCB6E300948E25 /* ChatItemsModifier.swift */; };
		0EF8413B24FCB6E300948E25 /* ChatItemsModifierImpl.swift in Sources */ = {isa = PBXBuildFile; fileRef = 0EF8410924FCB6E300948E25 /* ChatItemsModifierImpl.swift */; };
		0EF8413C24FCB6E300948E25 /* MessageOperationMock.swift in Sources */ = {isa = PBXBuildFile; fileRef = 0EF8410B24FCB6E300948E25 /* MessageOperationMock.swift */; };
		0EF8413D24FCB6E300948E25 /* MessageImageOperationMock.swift in Sources */ = {isa = PBXBuildFile; fileRef = 0EF8410C24FCB6E300948E25 /* MessageImageOperationMock.swift */; };
		0EF8413E24FCB6E300948E25 /* MessageTextOperationMock.swift in Sources */ = {isa = PBXBuildFile; fileRef = 0EF8410D24FCB6E300948E25 /* MessageTextOperationMock.swift */; };
		0EF8414424FCD16600948E25 /* MessageBackgroundView.swift in Sources */ = {isa = PBXBuildFile; fileRef = 0EF8414324FCD16600948E25 /* MessageBackgroundView.swift */; };
		0EF8414624FCD43700948E25 /* UIView+Utils.swift in Sources */ = {isa = PBXBuildFile; fileRef = 0EF8414524FCD43700948E25 /* UIView+Utils.swift */; };
		0EF8414924FCD4B100948E25 /* UIScrollView+Utils.swift in Sources */ = {isa = PBXBuildFile; fileRef = 0EF8414724FCD4B000948E25 /* UIScrollView+Utils.swift */; };
		0EF8414A24FCD4B100948E25 /* UITableView+Utils.swift in Sources */ = {isa = PBXBuildFile; fileRef = 0EF8414824FCD4B000948E25 /* UITableView+Utils.swift */; };
		0EF8414E24FCD67A00948E25 /* ChatDetailViewPhotoViewController.xib in Resources */ = {isa = PBXBuildFile; fileRef = 0EF8414C24FCD67A00948E25 /* ChatDetailViewPhotoViewController.xib */; };
		0EF8414F24FCD67A00948E25 /* ChatDetailViewPhotoViewController.swift in Sources */ = {isa = PBXBuildFile; fileRef = 0EF8414D24FCD67A00948E25 /* ChatDetailViewPhotoViewController.swift */; };
		0EF8415224FCD78B00948E25 /* ChatDetailViewPhotoViewModel.swift in Sources */ = {isa = PBXBuildFile; fileRef = 0EF8415024FCD78B00948E25 /* ChatDetailViewPhotoViewModel.swift */; };
		0EF8415324FCD78B00948E25 /* ChatDetailViewPhotoViewModelImpl.swift in Sources */ = {isa = PBXBuildFile; fileRef = 0EF8415124FCD78B00948E25 /* ChatDetailViewPhotoViewModelImpl.swift */; };
		0EF8415724FCDA4600948E25 /* ChatListViewController.swift in Sources */ = {isa = PBXBuildFile; fileRef = 0EF8415524FCDA4600948E25 /* ChatListViewController.swift */; };
		0EF8415824FCDA4600948E25 /* ChatListViewController.xib in Resources */ = {isa = PBXBuildFile; fileRef = 0EF8415624FCDA4600948E25 /* ChatListViewController.xib */; };
		2EB7EEDFBF1F11396654EB8E /* Pods_ChatTemplate_ChatTemplateUITests.framework in Frameworks */ = {isa = PBXBuildFile; fileRef = 88F3307F25820A9FE1D0DEBC /* Pods_ChatTemplate_ChatTemplateUITests.framework */; };
		365907B28EBD4B477DC9198E /* Pods_ChatTemplate.framework in Frameworks */ = {isa = PBXBuildFile; fileRef = 29146EA42F7B9D3FEA761F96 /* Pods_ChatTemplate.framework */; };
/* End PBXBuildFile section */

/* Begin PBXContainerItemProxy section */
		0EF83F1224FCA3EE00948E25 /* PBXContainerItemProxy */ = {
			isa = PBXContainerItemProxy;
			containerPortal = 0EF83EF324FCA3ED00948E25 /* Project object */;
			proxyType = 1;
			remoteGlobalIDString = 0EF83EFA24FCA3ED00948E25;
			remoteInfo = ChatTemplate;
		};
		0EF83F1D24FCA3EE00948E25 /* PBXContainerItemProxy */ = {
			isa = PBXContainerItemProxy;
			containerPortal = 0EF83EF324FCA3ED00948E25 /* Project object */;
			proxyType = 1;
			remoteGlobalIDString = 0EF83EFA24FCA3ED00948E25;
			remoteInfo = ChatTemplate;
		};
/* End PBXContainerItemProxy section */

/* Begin PBXFileReference section */
		020AAF9993DBFDA2EF58FE52 /* Pods-ChatTemplateTests.debug.xcconfig */ = {isa = PBXFileReference; includeInIndex = 1; lastKnownFileType = text.xcconfig; name = "Pods-ChatTemplateTests.debug.xcconfig"; path = "Target Support Files/Pods-ChatTemplateTests/Pods-ChatTemplateTests.debug.xcconfig"; sourceTree = "<group>"; };
		0536B91F0DD2D3EE0F5EEE73 /* Pods-ChatTemplate.release.xcconfig */ = {isa = PBXFileReference; includeInIndex = 1; lastKnownFileType = text.xcconfig; name = "Pods-ChatTemplate.release.xcconfig"; path = "Target Support Files/Pods-ChatTemplate/Pods-ChatTemplate.release.xcconfig"; sourceTree = "<group>"; };
		09B183C6BDE7B96689D7C419 /* Pods-ChatTemplate-ChatTemplateUITests.release.xcconfig */ = {isa = PBXFileReference; includeInIndex = 1; lastKnownFileType = text.xcconfig; name = "Pods-ChatTemplate-ChatTemplateUITests.release.xcconfig"; path = "Target Support Files/Pods-ChatTemplate-ChatTemplateUITests/Pods-ChatTemplate-ChatTemplateUITests.release.xcconfig"; sourceTree = "<group>"; };
		0B635534258211EE00885800 /* AuthTarget.swift */ = {isa = PBXFileReference; fileEncoding = 4; lastKnownFileType = sourcecode.swift; path = AuthTarget.swift; sourceTree = "<group>"; };
		0E2E2C9E2578DDBE00A09E34 /* MessageCellAdvancedViewModelImpl.swift */ = {isa = PBXFileReference; fileEncoding = 4; lastKnownFileType = sourcecode.swift; path = MessageCellAdvancedViewModelImpl.swift; sourceTree = "<group>"; };
		0E2E2C9F2578DDBE00A09E34 /* ChatItemAdvancedViewModelManager.swift */ = {isa = PBXFileReference; fileEncoding = 4; lastKnownFileType = sourcecode.swift; path = ChatItemAdvancedViewModelManager.swift; sourceTree = "<group>"; };
		0E2E2CA02578DDBE00A09E34 /* MessageCellAdvancedViewModel.swift */ = {isa = PBXFileReference; fileEncoding = 4; lastKnownFileType = sourcecode.swift; path = MessageCellAdvancedViewModel.swift; sourceTree = "<group>"; };
		0E461669256E302200D9A9C9 /* AvatarButton.swift */ = {isa = PBXFileReference; fileEncoding = 4; lastKnownFileType = sourcecode.swift; path = AvatarButton.swift; sourceTree = "<group>"; };
		0E46166A256E302200D9A9C9 /* AvatarImageViewModelImpl.swift */ = {isa = PBXFileReference; fileEncoding = 4; lastKnownFileType = sourcecode.swift; path = AvatarImageViewModelImpl.swift; sourceTree = "<group>"; };
		0E46166B256E302200D9A9C9 /* AvatarImageViewModel.swift */ = {isa = PBXFileReference; fileEncoding = 4; lastKnownFileType = sourcecode.swift; path = AvatarImageViewModel.swift; sourceTree = "<group>"; };
		0E46166D256E302200D9A9C9 /* AvatarImageView.swift */ = {isa = PBXFileReference; fileEncoding = 4; lastKnownFileType = sourcecode.swift; path = AvatarImageView.swift; sourceTree = "<group>"; };
		0E46167B256E3CE700D9A9C9 /* CustomUIView.swift */ = {isa = PBXFileReference; lastKnownFileType = sourcecode.swift; path = CustomUIView.swift; sourceTree = "<group>"; };
		0E461683256E41FD00D9A9C9 /* UIBezierPathUtils.swift */ = {isa = PBXFileReference; lastKnownFileType = sourcecode.swift; path = UIBezierPathUtils.swift; sourceTree = "<group>"; };
		0EEFEE4F2581C21C00DBCF3B /* MainCoordinator.swift */ = {isa = PBXFileReference; fileEncoding = 4; lastKnownFileType = sourcecode.swift; path = MainCoordinator.swift; sourceTree = "<group>"; };
		0EF83EFB24FCA3ED00948E25 /* ChatTemplate.app */ = {isa = PBXFileReference; explicitFileType = wrapper.application; includeInIndex = 0; path = ChatTemplate.app; sourceTree = BUILT_PRODUCTS_DIR; };
		0EF83EFE24FCA3ED00948E25 /* AppDelegate.swift */ = {isa = PBXFileReference; lastKnownFileType = sourcecode.swift; path = AppDelegate.swift; sourceTree = "<group>"; };
		0EF83F0024FCA3ED00948E25 /* SceneDelegate.swift */ = {isa = PBXFileReference; lastKnownFileType = sourcecode.swift; path = SceneDelegate.swift; sourceTree = "<group>"; };
		0EF83F0724FCA3EE00948E25 /* Assets.xcassets */ = {isa = PBXFileReference; lastKnownFileType = folder.assetcatalog; path = Assets.xcassets; sourceTree = "<group>"; };
		0EF83F0A24FCA3EE00948E25 /* Base */ = {isa = PBXFileReference; lastKnownFileType = file.storyboard; name = Base; path = Base.lproj/LaunchScreen.storyboard; sourceTree = "<group>"; };
		0EF83F0C24FCA3EE00948E25 /* Info.plist */ = {isa = PBXFileReference; lastKnownFileType = text.plist.xml; path = Info.plist; sourceTree = "<group>"; };
		0EF83F1124FCA3EE00948E25 /* ChatTemplateTests.xctest */ = {isa = PBXFileReference; explicitFileType = wrapper.cfbundle; includeInIndex = 0; path = ChatTemplateTests.xctest; sourceTree = BUILT_PRODUCTS_DIR; };
		0EF83F1524FCA3EE00948E25 /* ChatTemplateTests.swift */ = {isa = PBXFileReference; lastKnownFileType = sourcecode.swift; path = ChatTemplateTests.swift; sourceTree = "<group>"; };
		0EF83F1724FCA3EE00948E25 /* Info.plist */ = {isa = PBXFileReference; lastKnownFileType = text.plist.xml; path = Info.plist; sourceTree = "<group>"; };
		0EF83F1C24FCA3EE00948E25 /* ChatTemplateUITests.xctest */ = {isa = PBXFileReference; explicitFileType = wrapper.cfbundle; includeInIndex = 0; path = ChatTemplateUITests.xctest; sourceTree = BUILT_PRODUCTS_DIR; };
		0EF83F2024FCA3EE00948E25 /* ChatTemplateUITests.swift */ = {isa = PBXFileReference; lastKnownFileType = sourcecode.swift; path = ChatTemplateUITests.swift; sourceTree = "<group>"; };
		0EF83F2224FCA3EE00948E25 /* Info.plist */ = {isa = PBXFileReference; lastKnownFileType = text.plist.xml; path = Info.plist; sourceTree = "<group>"; };
		0EF83F3024FCA50D00948E25 /* User.swift */ = {isa = PBXFileReference; fileEncoding = 4; lastKnownFileType = sourcecode.swift; path = User.swift; sourceTree = "<group>"; };
		0EF83F3124FCA50D00948E25 /* ArticleInfo.swift */ = {isa = PBXFileReference; fileEncoding = 4; lastKnownFileType = sourcecode.swift; path = ArticleInfo.swift; sourceTree = "<group>"; };
		0EF83F3324FCA50D00948E25 /* APIError.swift */ = {isa = PBXFileReference; fileEncoding = 4; lastKnownFileType = sourcecode.swift; path = APIError.swift; sourceTree = "<group>"; };
		0EF83F3624FCA50D00948E25 /* SampleTarget.swift */ = {isa = PBXFileReference; fileEncoding = 4; lastKnownFileType = sourcecode.swift; path = SampleTarget.swift; sourceTree = "<group>"; };
		0EF83F3D24FCA50D00948E25 /* APIErrorProcessPlugin.swift */ = {isa = PBXFileReference; fileEncoding = 4; lastKnownFileType = sourcecode.swift; path = APIErrorProcessPlugin.swift; sourceTree = "<group>"; };
		0EF83F3F24FCA50D00948E25 /* ProviderAPIBasic.swift */ = {isa = PBXFileReference; fileEncoding = 4; lastKnownFileType = sourcecode.swift; path = ProviderAPIBasic.swift; sourceTree = "<group>"; };
		0EF83F4024FCA50D00948E25 /* TokenRefresherImpl.swift */ = {isa = PBXFileReference; fileEncoding = 4; lastKnownFileType = sourcecode.swift; path = TokenRefresherImpl.swift; sourceTree = "<group>"; };
		0EF83F4124FCA50D00948E25 /* DefaultAlamofireManager.swift */ = {isa = PBXFileReference; fileEncoding = 4; lastKnownFileType = sourcecode.swift; path = DefaultAlamofireManager.swift; sourceTree = "<group>"; };
		0EF83F4224FCA50D00948E25 /* Provider.swift */ = {isa = PBXFileReference; fileEncoding = 4; lastKnownFileType = sourcecode.swift; path = Provider.swift; sourceTree = "<group>"; };
		0EF83F4324FCA50D00948E25 /* TokenRefresher.swift */ = {isa = PBXFileReference; fileEncoding = 4; lastKnownFileType = sourcecode.swift; path = TokenRefresher.swift; sourceTree = "<group>"; };
		0EF83F4424FCA50D00948E25 /* ProviderPlain.swift */ = {isa = PBXFileReference; fileEncoding = 4; lastKnownFileType = sourcecode.swift; path = ProviderPlain.swift; sourceTree = "<group>"; };
		0EF83F4524FCA50D00948E25 /* ProviderAPIWithRefreshToken.swift */ = {isa = PBXFileReference; fileEncoding = 4; lastKnownFileType = sourcecode.swift; path = ProviderAPIWithRefreshToken.swift; sourceTree = "<group>"; };
		0EF83F4624FCA50D00948E25 /* APIDecoder.swift */ = {isa = PBXFileReference; fileEncoding = 4; lastKnownFileType = sourcecode.swift; path = APIDecoder.swift; sourceTree = "<group>"; };
		0EF83F4724FCA50D00948E25 /* APIOperation.swift */ = {isa = PBXFileReference; fileEncoding = 4; lastKnownFileType = sourcecode.swift; path = APIOperation.swift; sourceTree = "<group>"; };
		0EF83F4824FCA50D00948E25 /* AsyncOperation.swift */ = {isa = PBXFileReference; fileEncoding = 4; lastKnownFileType = sourcecode.swift; path = AsyncOperation.swift; sourceTree = "<group>"; };
		0EF83F4A24FCA50D00948E25 /* api_video_detail_response_sample.json */ = {isa = PBXFileReference; fileEncoding = 4; lastKnownFileType = text.json; path = api_video_detail_response_sample.json; sourceTree = "<group>"; };
		0EF83F4C24FCA50D00948E25 /* Staging.xcconfig */ = {isa = PBXFileReference; fileEncoding = 4; lastKnownFileType = text.xcconfig; path = Staging.xcconfig; sourceTree = "<group>"; };
		0EF83F4D24FCA50D00948E25 /* Product.xcconfig */ = {isa = PBXFileReference; fileEncoding = 4; lastKnownFileType = text.xcconfig; path = Product.xcconfig; sourceTree = "<group>"; };
		0EF83F4E24FCA50D00948E25 /* api_videos_sample_response.json */ = {isa = PBXFileReference; fileEncoding = 4; lastKnownFileType = text.json; path = api_videos_sample_response.json; sourceTree = "<group>"; };
		0EF83F4F24FCA50D00948E25 /* GoogleService-Info.plist */ = {isa = PBXFileReference; fileEncoding = 4; lastKnownFileType = text.plist.xml; path = "GoogleService-Info.plist"; sourceTree = "<group>"; };
		0EF83F5024FCA50D00948E25 /* campaign_and_others_info_get_api.php */ = {isa = PBXFileReference; fileEncoding = 4; lastKnownFileType = text.script.php; path = campaign_and_others_info_get_api.php; sourceTree = "<group>"; };
		0EF83F5124FCA50D00948E25 /* MVVM_Template_Swift-ObjectiveC-Brigde-Header.h */ = {isa = PBXFileReference; fileEncoding = 4; lastKnownFileType = sourcecode.c.h; path = "MVVM_Template_Swift-ObjectiveC-Brigde-Header.h"; sourceTree = "<group>"; };
		0EF83F5224FCA50D00948E25 /* api_videos_ranking_sample_response.json */ = {isa = PBXFileReference; fileEncoding = 4; lastKnownFileType = text.json; path = api_videos_ranking_sample_response.json; sourceTree = "<group>"; };
		0EF83F5324FCA50D00948E25 /* api_top_sample_response.json */ = {isa = PBXFileReference; fileEncoding = 4; lastKnownFileType = text.json; path = api_top_sample_response.json; sourceTree = "<group>"; };
		0EF83F5424FCA50D00948E25 /* delete_article_api.php */ = {isa = PBXFileReference; fileEncoding = 4; lastKnownFileType = text.script.php; path = delete_article_api.php; sourceTree = "<group>"; };
		0EF83F5524FCA50D00948E25 /* login_api.php */ = {isa = PBXFileReference; fileEncoding = 4; lastKnownFileType = text.script.php; path = login_api.php; sourceTree = "<group>"; };
		0EF83F5624FCA50D00948E25 /* api_notifications_sample_response.json */ = {isa = PBXFileReference; fileEncoding = 4; lastKnownFileType = text.json; path = api_notifications_sample_response.json; sourceTree = "<group>"; };
		0EF83F5824FCA50D00948E25 /* Constant.swift */ = {isa = PBXFileReference; fileEncoding = 4; lastKnownFileType = sourcecode.swift; path = Constant.swift; sourceTree = "<group>"; };
		0EF83F5924FCA50D00948E25 /* UrlDef.swift */ = {isa = PBXFileReference; fileEncoding = 4; lastKnownFileType = sourcecode.swift; path = UrlDef.swift; sourceTree = "<group>"; };
		0EF83F5A24FCA50D00948E25 /* Environment.swift */ = {isa = PBXFileReference; fileEncoding = 4; lastKnownFileType = sourcecode.swift; path = Environment.swift; sourceTree = "<group>"; };
		0EF83F5C24FCA50D00948E25 /* UIActivityIndicatorUtils.swift */ = {isa = PBXFileReference; fileEncoding = 4; lastKnownFileType = sourcecode.swift; path = UIActivityIndicatorUtils.swift; sourceTree = "<group>"; };
		0EF83F5D24FCA50D00948E25 /* StringUtils.swift */ = {isa = PBXFileReference; fileEncoding = 4; lastKnownFileType = sourcecode.swift; path = StringUtils.swift; sourceTree = "<group>"; };
		0EF83F5E24FCA50D00948E25 /* ArrayUtils.swift */ = {isa = PBXFileReference; fileEncoding = 4; lastKnownFileType = sourcecode.swift; path = ArrayUtils.swift; sourceTree = "<group>"; };
		0EF83F5F24FCA50D00948E25 /* DateUtils.swift */ = {isa = PBXFileReference; fileEncoding = 4; lastKnownFileType = sourcecode.swift; path = DateUtils.swift; sourceTree = "<group>"; };
		0EF83F6024FCA50D00948E25 /* UIViewControllerUtils.swift */ = {isa = PBXFileReference; fileEncoding = 4; lastKnownFileType = sourcecode.swift; path = UIViewControllerUtils.swift; sourceTree = "<group>"; };
		0EF83F6124FCA50D00948E25 /* ContextInfo.swift */ = {isa = PBXFileReference; fileEncoding = 4; lastKnownFileType = sourcecode.swift; path = ContextInfo.swift; sourceTree = "<group>"; };
		0EF83F6224FCA50D00948E25 /* DictionaryUtils.swift */ = {isa = PBXFileReference; fileEncoding = 4; lastKnownFileType = sourcecode.swift; path = DictionaryUtils.swift; sourceTree = "<group>"; };
		0EF83F6324FCA50D00948E25 /* UINavigationControllerUtils.swift */ = {isa = PBXFileReference; fileEncoding = 4; lastKnownFileType = sourcecode.swift; path = UINavigationControllerUtils.swift; sourceTree = "<group>"; };
		0EF83F6424FCA50D00948E25 /* AppSecretsManager.swift */ = {isa = PBXFileReference; fileEncoding = 4; lastKnownFileType = sourcecode.swift; path = AppSecretsManager.swift; sourceTree = "<group>"; };
		0EF83F6524FCA50D00948E25 /* PrefsImpl.swift */ = {isa = PBXFileReference; fileEncoding = 4; lastKnownFileType = sourcecode.swift; path = PrefsImpl.swift; sourceTree = "<group>"; };
		0EF83F6624FCA50D00948E25 /* Enum.swift */ = {isa = PBXFileReference; fileEncoding = 4; lastKnownFileType = sourcecode.swift; path = Enum.swift; sourceTree = "<group>"; };
		0EF83F6724FCA50D00948E25 /* Prefs.swift */ = {isa = PBXFileReference; fileEncoding = 4; lastKnownFileType = sourcecode.swift; path = Prefs.swift; sourceTree = "<group>"; };
		0EF83F7024FCA50D00948E25 /* SplashScreenViewController.xib */ = {isa = PBXFileReference; fileEncoding = 4; lastKnownFileType = file.xib; path = SplashScreenViewController.xib; sourceTree = "<group>"; };
		0EF83F7124FCA50D00948E25 /* SplashScreenViewModelImpl.swift */ = {isa = PBXFileReference; fileEncoding = 4; lastKnownFileType = sourcecode.swift; path = SplashScreenViewModelImpl.swift; sourceTree = "<group>"; };
		0EF83F7224FCA50D00948E25 /* SplashScreenViewModel.swift */ = {isa = PBXFileReference; fileEncoding = 4; lastKnownFileType = sourcecode.swift; path = SplashScreenViewModel.swift; sourceTree = "<group>"; };
		0EF83F7324FCA50D00948E25 /* SplashScreenViewController.swift */ = {isa = PBXFileReference; fileEncoding = 4; lastKnownFileType = sourcecode.swift; path = SplashScreenViewController.swift; sourceTree = "<group>"; };
		0EF83F8424FCA50D00948E25 /* LoadingIndicatorViewModelImpl.swift */ = {isa = PBXFileReference; fileEncoding = 4; lastKnownFileType = sourcecode.swift; path = LoadingIndicatorViewModelImpl.swift; sourceTree = "<group>"; };
		0EF83F8524FCA50D00948E25 /* BasicViewModelImpl.swift */ = {isa = PBXFileReference; fileEncoding = 4; lastKnownFileType = sourcecode.swift; path = BasicViewModelImpl.swift; sourceTree = "<group>"; };
		0EF83F8624FCA50D00948E25 /* LoadingIndicatorViewModel.swift */ = {isa = PBXFileReference; fileEncoding = 4; lastKnownFileType = sourcecode.swift; path = LoadingIndicatorViewModel.swift; sourceTree = "<group>"; };
		0EF83F8724FCA50D00948E25 /* BasicViewModel.swift */ = {isa = PBXFileReference; fileEncoding = 4; lastKnownFileType = sourcecode.swift; path = BasicViewModel.swift; sourceTree = "<group>"; };
		0EF83F8924FCA50D00948E25 /* AppCoordinatorImpl.swift */ = {isa = PBXFileReference; fileEncoding = 4; lastKnownFileType = sourcecode.swift; path = AppCoordinatorImpl.swift; sourceTree = "<group>"; };
		0EF83F8A24FCA50D00948E25 /* AppCoordinator.swift */ = {isa = PBXFileReference; fileEncoding = 4; lastKnownFileType = sourcecode.swift; path = AppCoordinator.swift; sourceTree = "<group>"; };
		0EF83F8D24FCA50D00948E25 /* Coordinator.swift */ = {isa = PBXFileReference; fileEncoding = 4; lastKnownFileType = sourcecode.swift; path = Coordinator.swift; sourceTree = "<group>"; };
		0EF83F8F24FCA50D00948E25 /* AlertBuilder.swift */ = {isa = PBXFileReference; fileEncoding = 4; lastKnownFileType = sourcecode.swift; path = AlertBuilder.swift; sourceTree = "<group>"; };
		0EF83F9024FCA50D00948E25 /* AlertModel.swift */ = {isa = PBXFileReference; fileEncoding = 4; lastKnownFileType = sourcecode.swift; path = AlertModel.swift; sourceTree = "<group>"; };
		0EF83F9124FCA50D00948E25 /* AlertPresentableView.swift */ = {isa = PBXFileReference; fileEncoding = 4; lastKnownFileType = sourcecode.swift; path = AlertPresentableView.swift; sourceTree = "<group>"; };
		0EF83F9224FCA50D00948E25 /* AlertPresentableViewModel.swift */ = {isa = PBXFileReference; fileEncoding = 4; lastKnownFileType = sourcecode.swift; path = AlertPresentableViewModel.swift; sourceTree = "<group>"; };
		0EF83F9424FCA50D00948E25 /* BaseViewController.swift */ = {isa = PBXFileReference; fileEncoding = 4; lastKnownFileType = sourcecode.swift; path = BaseViewController.swift; sourceTree = "<group>"; };
		0EF83F9524FCA50E00948E25 /* SwitchNavigationController.swift */ = {isa = PBXFileReference; fileEncoding = 4; lastKnownFileType = sourcecode.swift; path = SwitchNavigationController.swift; sourceTree = "<group>"; };
		0EF83F9624FCA50E00948E25 /* BaseNavigationController.swift */ = {isa = PBXFileReference; fileEncoding = 4; lastKnownFileType = sourcecode.swift; path = BaseNavigationController.swift; sourceTree = "<group>"; };
		0EF83FA724FCA50E00948E25 /* RootViewModelImpl.swift */ = {isa = PBXFileReference; fileEncoding = 4; lastKnownFileType = sourcecode.swift; path = RootViewModelImpl.swift; sourceTree = "<group>"; };
		0EF83FA824FCA50E00948E25 /* RootViewController.swift */ = {isa = PBXFileReference; fileEncoding = 4; lastKnownFileType = sourcecode.swift; path = RootViewController.swift; sourceTree = "<group>"; };
		0EF83FA924FCA50E00948E25 /* RootViewModel.swift */ = {isa = PBXFileReference; fileEncoding = 4; lastKnownFileType = sourcecode.swift; path = RootViewModel.swift; sourceTree = "<group>"; };
		0EF840E424FCB6E300948E25 /* ChatScreenViewController.xib */ = {isa = PBXFileReference; fileEncoding = 4; lastKnownFileType = file.xib; path = ChatScreenViewController.xib; sourceTree = "<group>"; };
		0EF840E524FCB6E300948E25 /* ChatScreenViewModelMock.swift */ = {isa = PBXFileReference; fileEncoding = 4; lastKnownFileType = sourcecode.swift; path = ChatScreenViewModelMock.swift; sourceTree = "<group>"; };
		0EF840E824FCB6E300948E25 /* LoadMoreHeaderFooterView.xib */ = {isa = PBXFileReference; fileEncoding = 4; lastKnownFileType = file.xib; path = LoadMoreHeaderFooterView.xib; sourceTree = "<group>"; };
		0EF840E924FCB6E300948E25 /* LoadMoreHeaderFooterView.swift */ = {isa = PBXFileReference; fileEncoding = 4; lastKnownFileType = sourcecode.swift; path = LoadMoreHeaderFooterView.swift; sourceTree = "<group>"; };
		0EF840EB24FCB6E300948E25 /* ChatItemTimeCellViewModel.swift */ = {isa = PBXFileReference; fileEncoding = 4; lastKnownFileType = sourcecode.swift; path = ChatItemTimeCellViewModel.swift; sourceTree = "<group>"; };
		0EF840EC24FCB6E300948E25 /* ChatTimeCell.xib */ = {isa = PBXFileReference; fileEncoding = 4; lastKnownFileType = file.xib; path = ChatTimeCell.xib; sourceTree = "<group>"; };
		0EF840ED24FCB6E300948E25 /* ChatItemTimeCellViewModelImpl.swift */ = {isa = PBXFileReference; fileEncoding = 4; lastKnownFileType = sourcecode.swift; path = ChatItemTimeCellViewModelImpl.swift; sourceTree = "<group>"; };
		0EF840EE24FCB6E300948E25 /* ChatTimeCell.swift */ = {isa = PBXFileReference; fileEncoding = 4; lastKnownFileType = sourcecode.swift; path = ChatTimeCell.swift; sourceTree = "<group>"; };
		0EF840F024FCB6E300948E25 /* MessageCellViewModel.swift */ = {isa = PBXFileReference; fileEncoding = 4; lastKnownFileType = sourcecode.swift; path = MessageCellViewModel.swift; sourceTree = "<group>"; };
		0EF840F124FCB6E300948E25 /* Message.swift */ = {isa = PBXFileReference; fileEncoding = 4; lastKnownFileType = sourcecode.swift; path = Message.swift; sourceTree = "<group>"; };
		0EF840F324FCB6E300948E25 /* MessageImageCell.swift */ = {isa = PBXFileReference; fileEncoding = 4; lastKnownFileType = sourcecode.swift; path = MessageImageCell.swift; sourceTree = "<group>"; };
		0EF840F424FCB6E300948E25 /* MessageImageCellViewModel.swift */ = {isa = PBXFileReference; fileEncoding = 4; lastKnownFileType = sourcecode.swift; path = MessageImageCellViewModel.swift; sourceTree = "<group>"; };
		0EF840F524FCB6E300948E25 /* MessageImageCell.xib */ = {isa = PBXFileReference; fileEncoding = 4; lastKnownFileType = file.xib; path = MessageImageCell.xib; sourceTree = "<group>"; };
		0EF840F724FCB6E300948E25 /* MessageImageCellViewModelImpl.swift */ = {isa = PBXFileReference; fileEncoding = 4; lastKnownFileType = sourcecode.swift; path = MessageImageCellViewModelImpl.swift; sourceTree = "<group>"; };
		0EF840F924FCB6E300948E25 /* MessageTextCellViewModel.swift */ = {isa = PBXFileReference; fileEncoding = 4; lastKnownFileType = sourcecode.swift; path = MessageTextCellViewModel.swift; sourceTree = "<group>"; };
		0EF840FA24FCB6E300948E25 /* MessageTextCell.xib */ = {isa = PBXFileReference; fileEncoding = 4; lastKnownFileType = file.xib; path = MessageTextCell.xib; sourceTree = "<group>"; };
		0EF840FB24FCB6E300948E25 /* MessageTextCellViewModelImpl.swift */ = {isa = PBXFileReference; fileEncoding = 4; lastKnownFileType = sourcecode.swift; path = MessageTextCellViewModelImpl.swift; sourceTree = "<group>"; };
		0EF840FC24FCB6E300948E25 /* MessageTextCell.swift */ = {isa = PBXFileReference; fileEncoding = 4; lastKnownFileType = sourcecode.swift; path = MessageTextCell.swift; sourceTree = "<group>"; };
		0EF840FD24FCB6E300948E25 /* ChatUser.swift */ = {isa = PBXFileReference; fileEncoding = 4; lastKnownFileType = sourcecode.swift; path = ChatUser.swift; sourceTree = "<group>"; };
		0EF840FE24FCB6E300948E25 /* MessageCell.swift */ = {isa = PBXFileReference; fileEncoding = 4; lastKnownFileType = sourcecode.swift; path = MessageCell.swift; sourceTree = "<group>"; };
		0EF840FF24FCB6E300948E25 /* MessageCellViewModelImpl.swift */ = {isa = PBXFileReference; fileEncoding = 4; lastKnownFileType = sourcecode.swift; path = MessageCellViewModelImpl.swift; sourceTree = "<group>"; };
		0EF8410024FCB6E300948E25 /* ChatCell.swift */ = {isa = PBXFileReference; fileEncoding = 4; lastKnownFileType = sourcecode.swift; path = ChatCell.swift; sourceTree = "<group>"; };
		0EF8410124FCB6E300948E25 /* ChatCellViewModel.swift */ = {isa = PBXFileReference; fileEncoding = 4; lastKnownFileType = sourcecode.swift; path = ChatCellViewModel.swift; sourceTree = "<group>"; };
		0EF8410224FCB6E300948E25 /* ChatScreenViewController.swift */ = {isa = PBXFileReference; fileEncoding = 4; lastKnownFileType = sourcecode.swift; path = ChatScreenViewController.swift; sourceTree = "<group>"; };
		0EF8410324FCB6E300948E25 /* ChatScreenViewModel.swift */ = {isa = PBXFileReference; fileEncoding = 4; lastKnownFileType = sourcecode.swift; path = ChatScreenViewModel.swift; sourceTree = "<group>"; };
		0EF8410524FCB6E300948E25 /* InputLayoutViewControllerImpl.swift */ = {isa = PBXFileReference; fileEncoding = 4; lastKnownFileType = sourcecode.swift; path = InputLayoutViewControllerImpl.swift; sourceTree = "<group>"; };
		0EF8410624FCB6E300948E25 /* InputLayoutViewController.swift */ = {isa = PBXFileReference; fileEncoding = 4; lastKnownFileType = sourcecode.swift; path = InputLayoutViewController.swift; sourceTree = "<group>"; };
		0EF8410824FCB6E300948E25 /* ChatItemsModifier.swift */ = {isa = PBXFileReference; fileEncoding = 4; lastKnownFileType = sourcecode.swift; path = ChatItemsModifier.swift; sourceTree = "<group>"; };
		0EF8410924FCB6E300948E25 /* ChatItemsModifierImpl.swift */ = {isa = PBXFileReference; fileEncoding = 4; lastKnownFileType = sourcecode.swift; path = ChatItemsModifierImpl.swift; sourceTree = "<group>"; };
		0EF8410B24FCB6E300948E25 /* MessageOperationMock.swift */ = {isa = PBXFileReference; fileEncoding = 4; lastKnownFileType = sourcecode.swift; path = MessageOperationMock.swift; sourceTree = "<group>"; };
		0EF8410C24FCB6E300948E25 /* MessageImageOperationMock.swift */ = {isa = PBXFileReference; fileEncoding = 4; lastKnownFileType = sourcecode.swift; path = MessageImageOperationMock.swift; sourceTree = "<group>"; };
		0EF8410D24FCB6E300948E25 /* MessageTextOperationMock.swift */ = {isa = PBXFileReference; fileEncoding = 4; lastKnownFileType = sourcecode.swift; path = MessageTextOperationMock.swift; sourceTree = "<group>"; };
		0EF8414324FCD16600948E25 /* MessageBackgroundView.swift */ = {isa = PBXFileReference; lastKnownFileType = sourcecode.swift; path = MessageBackgroundView.swift; sourceTree = "<group>"; };
		0EF8414524FCD43700948E25 /* UIView+Utils.swift */ = {isa = PBXFileReference; fileEncoding = 4; lastKnownFileType = sourcecode.swift; path = "UIView+Utils.swift"; sourceTree = "<group>"; };
		0EF8414724FCD4B000948E25 /* UIScrollView+Utils.swift */ = {isa = PBXFileReference; fileEncoding = 4; lastKnownFileType = sourcecode.swift; path = "UIScrollView+Utils.swift"; sourceTree = "<group>"; };
		0EF8414824FCD4B000948E25 /* UITableView+Utils.swift */ = {isa = PBXFileReference; fileEncoding = 4; lastKnownFileType = sourcecode.swift; path = "UITableView+Utils.swift"; sourceTree = "<group>"; };
		0EF8414C24FCD67A00948E25 /* ChatDetailViewPhotoViewController.xib */ = {isa = PBXFileReference; fileEncoding = 4; lastKnownFileType = file.xib; path = ChatDetailViewPhotoViewController.xib; sourceTree = "<group>"; };
		0EF8414D24FCD67A00948E25 /* ChatDetailViewPhotoViewController.swift */ = {isa = PBXFileReference; fileEncoding = 4; lastKnownFileType = sourcecode.swift; path = ChatDetailViewPhotoViewController.swift; sourceTree = "<group>"; };
		0EF8415024FCD78B00948E25 /* ChatDetailViewPhotoViewModel.swift */ = {isa = PBXFileReference; fileEncoding = 4; lastKnownFileType = sourcecode.swift; path = ChatDetailViewPhotoViewModel.swift; sourceTree = "<group>"; };
		0EF8415124FCD78B00948E25 /* ChatDetailViewPhotoViewModelImpl.swift */ = {isa = PBXFileReference; fileEncoding = 4; lastKnownFileType = sourcecode.swift; path = ChatDetailViewPhotoViewModelImpl.swift; sourceTree = "<group>"; };
		0EF8415524FCDA4600948E25 /* ChatListViewController.swift */ = {isa = PBXFileReference; lastKnownFileType = sourcecode.swift; path = ChatListViewController.swift; sourceTree = "<group>"; };
		0EF8415624FCDA4600948E25 /* ChatListViewController.xib */ = {isa = PBXFileReference; lastKnownFileType = file.xib; path = ChatListViewController.xib; sourceTree = "<group>"; };
		29146EA42F7B9D3FEA761F96 /* Pods_ChatTemplate.framework */ = {isa = PBXFileReference; explicitFileType = wrapper.framework; includeInIndex = 0; path = Pods_ChatTemplate.framework; sourceTree = BUILT_PRODUCTS_DIR; };
		355CB56F77E9150851A7D4C1 /* Pods-ChatTemplate-ChatTemplateUITests.debug.xcconfig */ = {isa = PBXFileReference; includeInIndex = 1; lastKnownFileType = text.xcconfig; name = "Pods-ChatTemplate-ChatTemplateUITests.debug.xcconfig"; path = "Target Support Files/Pods-ChatTemplate-ChatTemplateUITests/Pods-ChatTemplate-ChatTemplateUITests.debug.xcconfig"; sourceTree = "<group>"; };
		374B6597DF536931AB6811C8 /* Pods_ChatTemplateTests.framework */ = {isa = PBXFileReference; explicitFileType = wrapper.framework; includeInIndex = 0; path = Pods_ChatTemplateTests.framework; sourceTree = BUILT_PRODUCTS_DIR; };
		549A922ABA65B3DBADA98813 /* Pods-ChatTemplateTests.release.xcconfig */ = {isa = PBXFileReference; includeInIndex = 1; lastKnownFileType = text.xcconfig; name = "Pods-ChatTemplateTests.release.xcconfig"; path = "Target Support Files/Pods-ChatTemplateTests/Pods-ChatTemplateTests.release.xcconfig"; sourceTree = "<group>"; };
		88F3307F25820A9FE1D0DEBC /* Pods_ChatTemplate_ChatTemplateUITests.framework */ = {isa = PBXFileReference; explicitFileType = wrapper.framework; includeInIndex = 0; path = Pods_ChatTemplate_ChatTemplateUITests.framework; sourceTree = BUILT_PRODUCTS_DIR; };
		FA9FBCC89012FF2DCA5D6019 /* Pods-ChatTemplate.debug.xcconfig */ = {isa = PBXFileReference; includeInIndex = 1; lastKnownFileType = text.xcconfig; name = "Pods-ChatTemplate.debug.xcconfig"; path = "Target Support Files/Pods-ChatTemplate/Pods-ChatTemplate.debug.xcconfig"; sourceTree = "<group>"; };
/* End PBXFileReference section */

/* Begin PBXFrameworksBuildPhase section */
		0EF83EF824FCA3ED00948E25 /* Frameworks */ = {
			isa = PBXFrameworksBuildPhase;
			buildActionMask = 2147483647;
			files = (
				365907B28EBD4B477DC9198E /* Pods_ChatTemplate.framework in Frameworks */,
			);
			runOnlyForDeploymentPostprocessing = 0;
		};
		0EF83F0E24FCA3EE00948E25 /* Frameworks */ = {
			isa = PBXFrameworksBuildPhase;
			buildActionMask = 2147483647;
			files = (
				01C64611605796E43D5FE1A7 /* Pods_ChatTemplateTests.framework in Frameworks */,
			);
			runOnlyForDeploymentPostprocessing = 0;
		};
		0EF83F1924FCA3EE00948E25 /* Frameworks */ = {
			isa = PBXFrameworksBuildPhase;
			buildActionMask = 2147483647;
			files = (
				2EB7EEDFBF1F11396654EB8E /* Pods_ChatTemplate_ChatTemplateUITests.framework in Frameworks */,
			);
			runOnlyForDeploymentPostprocessing = 0;
		};
/* End PBXFrameworksBuildPhase section */

/* Begin PBXGroup section */
		0E2E2C9D2578DDBE00A09E34 /* CellViewModelAdvanced */ = {
			isa = PBXGroup;
			children = (
				0E2E2C9F2578DDBE00A09E34 /* ChatItemAdvancedViewModelManager.swift */,
				0E2E2CA02578DDBE00A09E34 /* MessageCellAdvancedViewModel.swift */,
				0E2E2C9E2578DDBE00A09E34 /* MessageCellAdvancedViewModelImpl.swift */,
			);
			path = CellViewModelAdvanced;
			sourceTree = "<group>";
		};
		0E461668256E302200D9A9C9 /* AvatarImageView */ = {
			isa = PBXGroup;
			children = (
				0E461669256E302200D9A9C9 /* AvatarButton.swift */,
				0E46166A256E302200D9A9C9 /* AvatarImageViewModelImpl.swift */,
				0E46166B256E302200D9A9C9 /* AvatarImageViewModel.swift */,
				0E46166D256E302200D9A9C9 /* AvatarImageView.swift */,
			);
			path = AvatarImageView;
			sourceTree = "<group>";
		};
		0EF83EF224FCA3ED00948E25 = {
			isa = PBXGroup;
			children = (
				0EF83EFD24FCA3ED00948E25 /* ChatTemplate */,
				0EF83F1424FCA3EE00948E25 /* ChatTemplateTests */,
				0EF83F1F24FCA3EE00948E25 /* ChatTemplateUITests */,
				0EF83EFC24FCA3ED00948E25 /* Products */,
				3D32036EB02C35029E586A6C /* Pods */,
				172DF5219F7EC0A70AF5FF9A /* Frameworks */,
			);
			sourceTree = "<group>";
		};
		0EF83EFC24FCA3ED00948E25 /* Products */ = {
			isa = PBXGroup;
			children = (
				0EF83EFB24FCA3ED00948E25 /* ChatTemplate.app */,
				0EF83F1124FCA3EE00948E25 /* ChatTemplateTests.xctest */,
				0EF83F1C24FCA3EE00948E25 /* ChatTemplateUITests.xctest */,
			);
			name = Products;
			sourceTree = "<group>";
		};
		0EF83EFD24FCA3ED00948E25 /* ChatTemplate */ = {
			isa = PBXGroup;
			children = (
				0EF83F5724FCA50D00948E25 /* Common */,
				0EF83F6824FCA50D00948E25 /* Feature */,
				0EF83F2E24FCA50D00948E25 /* Model */,
				0EF83EFE24FCA3ED00948E25 /* AppDelegate.swift */,
				0EF83F0024FCA3ED00948E25 /* SceneDelegate.swift */,
				0EF83F0724FCA3EE00948E25 /* Assets.xcassets */,
				0EF83F0924FCA3EE00948E25 /* LaunchScreen.storyboard */,
				0EF83F0C24FCA3EE00948E25 /* Info.plist */,
				0EF83F4924FCA50D00948E25 /* Supporting Files */,
			);
			path = ChatTemplate;
			sourceTree = "<group>";
		};
		0EF83F1424FCA3EE00948E25 /* ChatTemplateTests */ = {
			isa = PBXGroup;
			children = (
				0EF83F1524FCA3EE00948E25 /* ChatTemplateTests.swift */,
				0EF83F1724FCA3EE00948E25 /* Info.plist */,
			);
			path = ChatTemplateTests;
			sourceTree = "<group>";
		};
		0EF83F1F24FCA3EE00948E25 /* ChatTemplateUITests */ = {
			isa = PBXGroup;
			children = (
				0EF83F2024FCA3EE00948E25 /* ChatTemplateUITests.swift */,
				0EF83F2224FCA3EE00948E25 /* Info.plist */,
			);
			path = ChatTemplateUITests;
			sourceTree = "<group>";
		};
		0EF83F2E24FCA50D00948E25 /* Model */ = {
			isa = PBXGroup;
			children = (
				0EF83F2F24FCA50D00948E25 /* Info */,
				0EF83F3224FCA50D00948E25 /* API */,
			);
			path = Model;
			sourceTree = "<group>";
		};
		0EF83F2F24FCA50D00948E25 /* Info */ = {
			isa = PBXGroup;
			children = (
				0EF83F3024FCA50D00948E25 /* User.swift */,
				0EF83F3124FCA50D00948E25 /* ArticleInfo.swift */,
			);
			path = Info;
			sourceTree = "<group>";
		};
		0EF83F3224FCA50D00948E25 /* API */ = {
			isa = PBXGroup;
			children = (
				0EF83F3324FCA50D00948E25 /* APIError.swift */,
				0EF83F3424FCA50D00948E25 /* Target */,
				0EF83F3C24FCA50D00948E25 /* Plugin */,
				0EF83F3E24FCA50D00948E25 /* Provider */,
				0EF83F4624FCA50D00948E25 /* APIDecoder.swift */,
				0EF83F4724FCA50D00948E25 /* APIOperation.swift */,
				0EF83F4824FCA50D00948E25 /* AsyncOperation.swift */,
			);
			path = API;
			sourceTree = "<group>";
		};
		0EF83F3424FCA50D00948E25 /* Target */ = {
			isa = PBXGroup;
			children = (
				0B635534258211EE00885800 /* AuthTarget.swift */,
				0EF83F3624FCA50D00948E25 /* SampleTarget.swift */,
			);
			path = Target;
			sourceTree = "<group>";
		};
		0EF83F3C24FCA50D00948E25 /* Plugin */ = {
			isa = PBXGroup;
			children = (
				0EF83F3D24FCA50D00948E25 /* APIErrorProcessPlugin.swift */,
			);
			path = Plugin;
			sourceTree = "<group>";
		};
		0EF83F3E24FCA50D00948E25 /* Provider */ = {
			isa = PBXGroup;
			children = (
				0EF83F3F24FCA50D00948E25 /* ProviderAPIBasic.swift */,
				0EF83F4024FCA50D00948E25 /* TokenRefresherImpl.swift */,
				0EF83F4124FCA50D00948E25 /* DefaultAlamofireManager.swift */,
				0EF83F4224FCA50D00948E25 /* Provider.swift */,
				0EF83F4324FCA50D00948E25 /* TokenRefresher.swift */,
				0EF83F4424FCA50D00948E25 /* ProviderPlain.swift */,
				0EF83F4524FCA50D00948E25 /* ProviderAPIWithRefreshToken.swift */,
			);
			path = Provider;
			sourceTree = "<group>";
		};
		0EF83F4924FCA50D00948E25 /* Supporting Files */ = {
			isa = PBXGroup;
			children = (
				0EF83F4A24FCA50D00948E25 /* api_video_detail_response_sample.json */,
				0EF83F4B24FCA50D00948E25 /* Configurations */,
				0EF83F4E24FCA50D00948E25 /* api_videos_sample_response.json */,
				0EF83F4F24FCA50D00948E25 /* GoogleService-Info.plist */,
				0EF83F5024FCA50D00948E25 /* campaign_and_others_info_get_api.php */,
				0EF83F5124FCA50D00948E25 /* MVVM_Template_Swift-ObjectiveC-Brigde-Header.h */,
				0EF83F5224FCA50D00948E25 /* api_videos_ranking_sample_response.json */,
				0EF83F5324FCA50D00948E25 /* api_top_sample_response.json */,
				0EF83F5424FCA50D00948E25 /* delete_article_api.php */,
				0EF83F5524FCA50D00948E25 /* login_api.php */,
				0EF83F5624FCA50D00948E25 /* api_notifications_sample_response.json */,
			);
			path = "Supporting Files";
			sourceTree = "<group>";
		};
		0EF83F4B24FCA50D00948E25 /* Configurations */ = {
			isa = PBXGroup;
			children = (
				0EF83F4C24FCA50D00948E25 /* Staging.xcconfig */,
				0EF83F4D24FCA50D00948E25 /* Product.xcconfig */,
			);
			path = Configurations;
			sourceTree = "<group>";
		};
		0EF83F5724FCA50D00948E25 /* Common */ = {
			isa = PBXGroup;
			children = (
				0EF83F5824FCA50D00948E25 /* Constant.swift */,
				0EF83F5924FCA50D00948E25 /* UrlDef.swift */,
				0EF83F5A24FCA50D00948E25 /* Environment.swift */,
				0EF83F5B24FCA50D00948E25 /* Utils */,
				0EF83F6424FCA50D00948E25 /* AppSecretsManager.swift */,
				0EF83F6524FCA50D00948E25 /* PrefsImpl.swift */,
				0EF83F6624FCA50D00948E25 /* Enum.swift */,
				0EF83F6724FCA50D00948E25 /* Prefs.swift */,
			);
			path = Common;
			sourceTree = "<group>";
		};
		0EF83F5B24FCA50D00948E25 /* Utils */ = {
			isa = PBXGroup;
			children = (
				0EF83F5C24FCA50D00948E25 /* UIActivityIndicatorUtils.swift */,
				0EF83F5D24FCA50D00948E25 /* StringUtils.swift */,
				0EF83F5E24FCA50D00948E25 /* ArrayUtils.swift */,
				0EF83F5F24FCA50D00948E25 /* DateUtils.swift */,
				0EF83F6024FCA50D00948E25 /* UIViewControllerUtils.swift */,
				0EF83F6124FCA50D00948E25 /* ContextInfo.swift */,
				0EF83F6224FCA50D00948E25 /* DictionaryUtils.swift */,
				0EF83F6324FCA50D00948E25 /* UINavigationControllerUtils.swift */,
				0EF8414524FCD43700948E25 /* UIView+Utils.swift */,
				0EF8414724FCD4B000948E25 /* UIScrollView+Utils.swift */,
				0EF8414824FCD4B000948E25 /* UITableView+Utils.swift */,
				0E461683256E41FD00D9A9C9 /* UIBezierPathUtils.swift */,
			);
			path = Utils;
			sourceTree = "<group>";
		};
		0EF83F6824FCA50D00948E25 /* Feature */ = {
			isa = PBXGroup;
			children = (
				0EF83F6F24FCA50D00948E25 /* Splash */,
				0EF83F8224FCA50D00948E25 /* Core */,
				0EF83FA624FCA50E00948E25 /* Root */,
				0EF840D324FCB6E300948E25 /* Chat */,
			);
			path = Feature;
			sourceTree = "<group>";
		};
		0EF83F6F24FCA50D00948E25 /* Splash */ = {
			isa = PBXGroup;
			children = (
				0EF83F7224FCA50D00948E25 /* SplashScreenViewModel.swift */,
				0EF83F7124FCA50D00948E25 /* SplashScreenViewModelImpl.swift */,
				0EF83F7324FCA50D00948E25 /* SplashScreenViewController.swift */,
				0EF83F7024FCA50D00948E25 /* SplashScreenViewController.xib */,
			);
			path = Splash;
			sourceTree = "<group>";
		};
		0EF83F8224FCA50D00948E25 /* Core */ = {
			isa = PBXGroup;
			children = (
				0EF83F8324FCA50D00948E25 /* ViewModel */,
				0EF83F8824FCA50D00948E25 /* Coordinator */,
				0EF83F8E24FCA50D00948E25 /* Alert */,
				0EF83F9324FCA50D00948E25 /* ViewController */,
			);
			path = Core;
			sourceTree = "<group>";
		};
		0EF83F8324FCA50D00948E25 /* ViewModel */ = {
			isa = PBXGroup;
			children = (
				0EF83F8424FCA50D00948E25 /* LoadingIndicatorViewModelImpl.swift */,
				0EF83F8524FCA50D00948E25 /* BasicViewModelImpl.swift */,
				0EF83F8624FCA50D00948E25 /* LoadingIndicatorViewModel.swift */,
				0EF83F8724FCA50D00948E25 /* BasicViewModel.swift */,
			);
			path = ViewModel;
			sourceTree = "<group>";
		};
		0EF83F8824FCA50D00948E25 /* Coordinator */ = {
			isa = PBXGroup;
			children = (
				0EF83F8924FCA50D00948E25 /* AppCoordinatorImpl.swift */,
				0EF83F8A24FCA50D00948E25 /* AppCoordinator.swift */,
				0EF83F8D24FCA50D00948E25 /* Coordinator.swift */,
				0EEFEE4F2581C21C00DBCF3B /* MainCoordinator.swift */,
			);
			path = Coordinator;
			sourceTree = "<group>";
		};
		0EF83F8E24FCA50D00948E25 /* Alert */ = {
			isa = PBXGroup;
			children = (
				0EF83F8F24FCA50D00948E25 /* AlertBuilder.swift */,
				0EF83F9024FCA50D00948E25 /* AlertModel.swift */,
				0EF83F9124FCA50D00948E25 /* AlertPresentableView.swift */,
				0EF83F9224FCA50D00948E25 /* AlertPresentableViewModel.swift */,
			);
			path = Alert;
			sourceTree = "<group>";
		};
		0EF83F9324FCA50D00948E25 /* ViewController */ = {
			isa = PBXGroup;
			children = (
				0EF83F9424FCA50D00948E25 /* BaseViewController.swift */,
				0EF83F9524FCA50E00948E25 /* SwitchNavigationController.swift */,
				0EF83F9624FCA50E00948E25 /* BaseNavigationController.swift */,
			);
			path = ViewController;
			sourceTree = "<group>";
		};
		0EF83FA624FCA50E00948E25 /* Root */ = {
			isa = PBXGroup;
			children = (
				0EF83FA724FCA50E00948E25 /* RootViewModelImpl.swift */,
				0EF83FA824FCA50E00948E25 /* RootViewController.swift */,
				0EF83FA924FCA50E00948E25 /* RootViewModel.swift */,
			);
			path = Root;
			sourceTree = "<group>";
		};
		0EF840D324FCB6E300948E25 /* Chat */ = {
			isa = PBXGroup;
			children = (
				0E461668256E302200D9A9C9 /* AvatarImageView */,
				0EF8415424FCDA3300948E25 /* ChatList */,
				0EF840E324FCB6E300948E25 /* ChatDetail */,
			);
			path = Chat;
			sourceTree = "<group>";
		};
		0EF840E324FCB6E300948E25 /* ChatDetail */ = {
			isa = PBXGroup;
			children = (
				0EF8410224FCB6E300948E25 /* ChatScreenViewController.swift */,
				0EF840E424FCB6E300948E25 /* ChatScreenViewController.xib */,
				0EF8410324FCB6E300948E25 /* ChatScreenViewModel.swift */,
				0EF840E524FCB6E300948E25 /* ChatScreenViewModelMock.swift */,
				0EF840E624FCB6E300948E25 /* ChatCell */,
				0EF8410424FCB6E300948E25 /* InputLayout */,
				0EF8410724FCB6E300948E25 /* ChatItemsModifier */,
				0EF8410A24FCB6E300948E25 /* MessageOperation */,
				0EF8414B24FCD67A00948E25 /* Photo */,
			);
			path = ChatDetail;
			sourceTree = "<group>";
		};
		0EF840E624FCB6E300948E25 /* ChatCell */ = {
			isa = PBXGroup;
			children = (
				0EF840E724FCB6E300948E25 /* LoadMore */,
				0EF840EA24FCB6E300948E25 /* ChatTime */,
				0EF840EF24FCB6E300948E25 /* Message */,
				0EF8410024FCB6E300948E25 /* ChatCell.swift */,
				0EF8410124FCB6E300948E25 /* ChatCellViewModel.swift */,
				0E2E2C9D2578DDBE00A09E34 /* CellViewModelAdvanced */,
			);
			path = ChatCell;
			sourceTree = "<group>";
		};
		0EF840E724FCB6E300948E25 /* LoadMore */ = {
			isa = PBXGroup;
			children = (
				0EF840E824FCB6E300948E25 /* LoadMoreHeaderFooterView.xib */,
				0EF840E924FCB6E300948E25 /* LoadMoreHeaderFooterView.swift */,
			);
			path = LoadMore;
			sourceTree = "<group>";
		};
		0EF840EA24FCB6E300948E25 /* ChatTime */ = {
			isa = PBXGroup;
			children = (
				0EF840EB24FCB6E300948E25 /* ChatItemTimeCellViewModel.swift */,
				0EF840ED24FCB6E300948E25 /* ChatItemTimeCellViewModelImpl.swift */,
				0EF840EE24FCB6E300948E25 /* ChatTimeCell.swift */,
				0EF840EC24FCB6E300948E25 /* ChatTimeCell.xib */,
			);
			path = ChatTime;
			sourceTree = "<group>";
		};
		0EF840EF24FCB6E300948E25 /* Message */ = {
			isa = PBXGroup;
			children = (
				0EF840F124FCB6E300948E25 /* Message.swift */,
				0EF840FD24FCB6E300948E25 /* ChatUser.swift */,
				0E46167B256E3CE700D9A9C9 /* CustomUIView.swift */,
				0EF840F024FCB6E300948E25 /* MessageCellViewModel.swift */,
				0EF840FF24FCB6E300948E25 /* MessageCellViewModelImpl.swift */,
				0EF840FE24FCB6E300948E25 /* MessageCell.swift */,
				0EF8414324FCD16600948E25 /* MessageBackgroundView.swift */,
				0EF840F224FCB6E300948E25 /* MessageImage */,
				0EF840F824FCB6E300948E25 /* MessageText */,
			);
			path = Message;
			sourceTree = "<group>";
		};
		0EF840F224FCB6E300948E25 /* MessageImage */ = {
			isa = PBXGroup;
			children = (
				0EF840F424FCB6E300948E25 /* MessageImageCellViewModel.swift */,
				0EF840F724FCB6E300948E25 /* MessageImageCellViewModelImpl.swift */,
				0EF840F324FCB6E300948E25 /* MessageImageCell.swift */,
				0EF840F524FCB6E300948E25 /* MessageImageCell.xib */,
			);
			path = MessageImage;
			sourceTree = "<group>";
		};
		0EF840F824FCB6E300948E25 /* MessageText */ = {
			isa = PBXGroup;
			children = (
				0EF840F924FCB6E300948E25 /* MessageTextCellViewModel.swift */,
				0EF840FB24FCB6E300948E25 /* MessageTextCellViewModelImpl.swift */,
				0EF840FC24FCB6E300948E25 /* MessageTextCell.swift */,
				0EF840FA24FCB6E300948E25 /* MessageTextCell.xib */,
			);
			path = MessageText;
			sourceTree = "<group>";
		};
		0EF8410424FCB6E300948E25 /* InputLayout */ = {
			isa = PBXGroup;
			children = (
				0EF8410624FCB6E300948E25 /* InputLayoutViewController.swift */,
				0EF8410524FCB6E300948E25 /* InputLayoutViewControllerImpl.swift */,
			);
			path = InputLayout;
			sourceTree = "<group>";
		};
		0EF8410724FCB6E300948E25 /* ChatItemsModifier */ = {
			isa = PBXGroup;
			children = (
				0EF8410824FCB6E300948E25 /* ChatItemsModifier.swift */,
				0EF8410924FCB6E300948E25 /* ChatItemsModifierImpl.swift */,
			);
			path = ChatItemsModifier;
			sourceTree = "<group>";
		};
		0EF8410A24FCB6E300948E25 /* MessageOperation */ = {
			isa = PBXGroup;
			children = (
				0EF8410B24FCB6E300948E25 /* MessageOperationMock.swift */,
				0EF8410C24FCB6E300948E25 /* MessageImageOperationMock.swift */,
				0EF8410D24FCB6E300948E25 /* MessageTextOperationMock.swift */,
			);
			path = MessageOperation;
			sourceTree = "<group>";
		};
		0EF8414B24FCD67A00948E25 /* Photo */ = {
			isa = PBXGroup;
			children = (
				0EF8415024FCD78B00948E25 /* ChatDetailViewPhotoViewModel.swift */,
				0EF8415124FCD78B00948E25 /* ChatDetailViewPhotoViewModelImpl.swift */,
				0EF8414D24FCD67A00948E25 /* ChatDetailViewPhotoViewController.swift */,
				0EF8414C24FCD67A00948E25 /* ChatDetailViewPhotoViewController.xib */,
			);
			path = Photo;
			sourceTree = "<group>";
		};
		0EF8415424FCDA3300948E25 /* ChatList */ = {
			isa = PBXGroup;
			children = (
				0EF8415524FCDA4600948E25 /* ChatListViewController.swift */,
				0EF8415624FCDA4600948E25 /* ChatListViewController.xib */,
			);
			path = ChatList;
			sourceTree = "<group>";
		};
		172DF5219F7EC0A70AF5FF9A /* Frameworks */ = {
			isa = PBXGroup;
			children = (
				29146EA42F7B9D3FEA761F96 /* Pods_ChatTemplate.framework */,
				88F3307F25820A9FE1D0DEBC /* Pods_ChatTemplate_ChatTemplateUITests.framework */,
				374B6597DF536931AB6811C8 /* Pods_ChatTemplateTests.framework */,
			);
			name = Frameworks;
			sourceTree = "<group>";
		};
		3D32036EB02C35029E586A6C /* Pods */ = {
			isa = PBXGroup;
			children = (
				FA9FBCC89012FF2DCA5D6019 /* Pods-ChatTemplate.debug.xcconfig */,
				0536B91F0DD2D3EE0F5EEE73 /* Pods-ChatTemplate.release.xcconfig */,
				355CB56F77E9150851A7D4C1 /* Pods-ChatTemplate-ChatTemplateUITests.debug.xcconfig */,
				09B183C6BDE7B96689D7C419 /* Pods-ChatTemplate-ChatTemplateUITests.release.xcconfig */,
				020AAF9993DBFDA2EF58FE52 /* Pods-ChatTemplateTests.debug.xcconfig */,
				549A922ABA65B3DBADA98813 /* Pods-ChatTemplateTests.release.xcconfig */,
			);
			path = Pods;
			sourceTree = "<group>";
		};
/* End PBXGroup section */

/* Begin PBXNativeTarget section */
		0EF83EFA24FCA3ED00948E25 /* ChatTemplate */ = {
			isa = PBXNativeTarget;
			buildConfigurationList = 0EF83F2524FCA3EE00948E25 /* Build configuration list for PBXNativeTarget "ChatTemplate" */;
			buildPhases = (
				9D98CF3D8A4B4FA4C27012B6 /* [CP] Check Pods Manifest.lock */,
				0B4F1B192581E12000C7DCA8 /* ShellScript */,
				0EF83EF724FCA3ED00948E25 /* Sources */,
				0EF83EF824FCA3ED00948E25 /* Frameworks */,
				0EF83EF924FCA3ED00948E25 /* Resources */,
				5A8B4C8A3056DE558D5F3D6E /* [CP] Embed Pods Frameworks */,
			);
			buildRules = (
			);
			dependencies = (
			);
			name = ChatTemplate;
			productName = ChatTemplate;
			productReference = 0EF83EFB24FCA3ED00948E25 /* ChatTemplate.app */;
			productType = "com.apple.product-type.application";
		};
		0EF83F1024FCA3EE00948E25 /* ChatTemplateTests */ = {
			isa = PBXNativeTarget;
			buildConfigurationList = 0EF83F2824FCA3EE00948E25 /* Build configuration list for PBXNativeTarget "ChatTemplateTests" */;
			buildPhases = (
				BF00CA2DB6813711F99089A9 /* [CP] Check Pods Manifest.lock */,
				0EF83F0D24FCA3EE00948E25 /* Sources */,
				0EF83F0E24FCA3EE00948E25 /* Frameworks */,
				0EF83F0F24FCA3EE00948E25 /* Resources */,
			);
			buildRules = (
			);
			dependencies = (
				0EF83F1324FCA3EE00948E25 /* PBXTargetDependency */,
			);
			name = ChatTemplateTests;
			productName = ChatTemplateTests;
			productReference = 0EF83F1124FCA3EE00948E25 /* ChatTemplateTests.xctest */;
			productType = "com.apple.product-type.bundle.unit-test";
		};
		0EF83F1B24FCA3EE00948E25 /* ChatTemplateUITests */ = {
			isa = PBXNativeTarget;
			buildConfigurationList = 0EF83F2B24FCA3EE00948E25 /* Build configuration list for PBXNativeTarget "ChatTemplateUITests" */;
			buildPhases = (
				CA35418288F9C0518B4E7A01 /* [CP] Check Pods Manifest.lock */,
				0EF83F1824FCA3EE00948E25 /* Sources */,
				0EF83F1924FCA3EE00948E25 /* Frameworks */,
				0EF83F1A24FCA3EE00948E25 /* Resources */,
				7CB6F8B727171C8DC4B408FF /* [CP] Embed Pods Frameworks */,
			);
			buildRules = (
			);
			dependencies = (
				0EF83F1E24FCA3EE00948E25 /* PBXTargetDependency */,
			);
			name = ChatTemplateUITests;
			productName = ChatTemplateUITests;
			productReference = 0EF83F1C24FCA3EE00948E25 /* ChatTemplateUITests.xctest */;
			productType = "com.apple.product-type.bundle.ui-testing";
		};
/* End PBXNativeTarget section */

/* Begin PBXProject section */
		0EF83EF324FCA3ED00948E25 /* Project object */ = {
			isa = PBXProject;
			attributes = {
				LastSwiftUpdateCheck = 1160;
				LastUpgradeCheck = 1160;
				ORGANIZATIONNAME = "Hien Pham";
				TargetAttributes = {
					0EF83EFA24FCA3ED00948E25 = {
						CreatedOnToolsVersion = 11.6;
					};
					0EF83F1024FCA3EE00948E25 = {
						CreatedOnToolsVersion = 11.6;
						TestTargetID = 0EF83EFA24FCA3ED00948E25;
					};
					0EF83F1B24FCA3EE00948E25 = {
						CreatedOnToolsVersion = 11.6;
						TestTargetID = 0EF83EFA24FCA3ED00948E25;
					};
				};
			};
			buildConfigurationList = 0EF83EF624FCA3ED00948E25 /* Build configuration list for PBXProject "ChatTemplate" */;
			compatibilityVersion = "Xcode 9.3";
			developmentRegion = en;
			hasScannedForEncodings = 0;
			knownRegions = (
				en,
				Base,
			);
			mainGroup = 0EF83EF224FCA3ED00948E25;
			productRefGroup = 0EF83EFC24FCA3ED00948E25 /* Products */;
			projectDirPath = "";
			projectRoot = "";
			targets = (
				0EF83EFA24FCA3ED00948E25 /* ChatTemplate */,
				0EF83F1024FCA3EE00948E25 /* ChatTemplateTests */,
				0EF83F1B24FCA3EE00948E25 /* ChatTemplateUITests */,
			);
		};
/* End PBXProject section */

/* Begin PBXResourcesBuildPhase section */
		0EF83EF924FCA3ED00948E25 /* Resources */ = {
			isa = PBXResourcesBuildPhase;
			buildActionMask = 2147483647;
			files = (
				0EF83FD324FCA50E00948E25 /* Staging.xcconfig in Resources */,
				0EF83FDA24FCA50E00948E25 /* delete_article_api.php in Resources */,
				0EF8414E24FCD67A00948E25 /* ChatDetailViewPhotoViewController.xib in Resources */,
				0EF8415824FCDA4600948E25 /* ChatListViewController.xib in Resources */,
				0EF83FF024FCA50E00948E25 /* SplashScreenViewController.xib in Resources */,
				0EF8412A24FCB6E300948E25 /* MessageImageCell.xib in Resources */,
				0EF83FD424FCA50E00948E25 /* Product.xcconfig in Resources */,
				0EF8411E24FCB6E300948E25 /* ChatScreenViewController.xib in Resources */,
				0EF83FD824FCA50E00948E25 /* api_videos_ranking_sample_response.json in Resources */,
				0EF83F0B24FCA3EE00948E25 /* LaunchScreen.storyboard in Resources */,
				0EF8412E24FCB6E300948E25 /* MessageTextCell.xib in Resources */,
				0EF83FDB24FCA50E00948E25 /* login_api.php in Resources */,
				0EF83FD724FCA50E00948E25 /* campaign_and_others_info_get_api.php in Resources */,
				0EF8412024FCB6E300948E25 /* LoadMoreHeaderFooterView.xib in Resources */,
				0EF83FD224FCA50E00948E25 /* api_video_detail_response_sample.json in Resources */,
				0EF83FDC24FCA50E00948E25 /* api_notifications_sample_response.json in Resources */,
				0EF8412324FCB6E300948E25 /* ChatTimeCell.xib in Resources */,
				0EF83F0824FCA3EE00948E25 /* Assets.xcassets in Resources */,
				0EF83FD924FCA50E00948E25 /* api_top_sample_response.json in Resources */,
				0EF83FD524FCA50E00948E25 /* api_videos_sample_response.json in Resources */,
				0EF83FD624FCA50E00948E25 /* GoogleService-Info.plist in Resources */,
			);
			runOnlyForDeploymentPostprocessing = 0;
		};
		0EF83F0F24FCA3EE00948E25 /* Resources */ = {
			isa = PBXResourcesBuildPhase;
			buildActionMask = 2147483647;
			files = (
			);
			runOnlyForDeploymentPostprocessing = 0;
		};
		0EF83F1A24FCA3EE00948E25 /* Resources */ = {
			isa = PBXResourcesBuildPhase;
			buildActionMask = 2147483647;
			files = (
			);
			runOnlyForDeploymentPostprocessing = 0;
		};
/* End PBXResourcesBuildPhase section */

/* Begin PBXShellScriptBuildPhase section */
		0B4F1B192581E12000C7DCA8 /* ShellScript */ = {
			isa = PBXShellScriptBuildPhase;
			buildActionMask = 2147483647;
			files = (
			);
			inputFileListPaths = (
			);
			inputPaths = (
			);
			outputFileListPaths = (
			);
			outputPaths = (
			);
			runOnlyForDeploymentPostprocessing = 0;
			shellPath = /bin/sh;
			shellScript = "${PODS_ROOT}/SwiftLint/swiftlint autocorrect --format\n${PODS_ROOT}/SwiftLint/swiftlint\n";
		};
		5A8B4C8A3056DE558D5F3D6E /* [CP] Embed Pods Frameworks */ = {
			isa = PBXShellScriptBuildPhase;
			buildActionMask = 2147483647;
			files = (
			);
			inputFileListPaths = (
				"${PODS_ROOT}/Target Support Files/Pods-ChatTemplate/Pods-ChatTemplate-frameworks-${CONFIGURATION}-input-files.xcfilelist",
			);
			name = "[CP] Embed Pods Frameworks";
			outputFileListPaths = (
				"${PODS_ROOT}/Target Support Files/Pods-ChatTemplate/Pods-ChatTemplate-frameworks-${CONFIGURATION}-output-files.xcfilelist",
			);
			runOnlyForDeploymentPostprocessing = 0;
			shellPath = /bin/sh;
			shellScript = "\"${PODS_ROOT}/Target Support Files/Pods-ChatTemplate/Pods-ChatTemplate-frameworks.sh\"\n";
			showEnvVarsInLog = 0;
		};
		7CB6F8B727171C8DC4B408FF /* [CP] Embed Pods Frameworks */ = {
			isa = PBXShellScriptBuildPhase;
			buildActionMask = 2147483647;
			files = (
			);
			inputFileListPaths = (
				"${PODS_ROOT}/Target Support Files/Pods-ChatTemplate-ChatTemplateUITests/Pods-ChatTemplate-ChatTemplateUITests-frameworks-${CONFIGURATION}-input-files.xcfilelist",
			);
			name = "[CP] Embed Pods Frameworks";
			outputFileListPaths = (
				"${PODS_ROOT}/Target Support Files/Pods-ChatTemplate-ChatTemplateUITests/Pods-ChatTemplate-ChatTemplateUITests-frameworks-${CONFIGURATION}-output-files.xcfilelist",
			);
			runOnlyForDeploymentPostprocessing = 0;
			shellPath = /bin/sh;
			shellScript = "\"${PODS_ROOT}/Target Support Files/Pods-ChatTemplate-ChatTemplateUITests/Pods-ChatTemplate-ChatTemplateUITests-frameworks.sh\"\n";
			showEnvVarsInLog = 0;
		};
		9D98CF3D8A4B4FA4C27012B6 /* [CP] Check Pods Manifest.lock */ = {
			isa = PBXShellScriptBuildPhase;
			buildActionMask = 2147483647;
			files = (
			);
			inputFileListPaths = (
			);
			inputPaths = (
				"${PODS_PODFILE_DIR_PATH}/Podfile.lock",
				"${PODS_ROOT}/Manifest.lock",
			);
			name = "[CP] Check Pods Manifest.lock";
			outputFileListPaths = (
			);
			outputPaths = (
				"$(DERIVED_FILE_DIR)/Pods-ChatTemplate-checkManifestLockResult.txt",
			);
			runOnlyForDeploymentPostprocessing = 0;
			shellPath = /bin/sh;
			shellScript = "diff \"${PODS_PODFILE_DIR_PATH}/Podfile.lock\" \"${PODS_ROOT}/Manifest.lock\" > /dev/null\nif [ $? != 0 ] ; then\n    # print error to STDERR\n    echo \"error: The sandbox is not in sync with the Podfile.lock. Run 'pod install' or update your CocoaPods installation.\" >&2\n    exit 1\nfi\n# This output is used by Xcode 'outputs' to avoid re-running this script phase.\necho \"SUCCESS\" > \"${SCRIPT_OUTPUT_FILE_0}\"\n";
			showEnvVarsInLog = 0;
		};
		BF00CA2DB6813711F99089A9 /* [CP] Check Pods Manifest.lock */ = {
			isa = PBXShellScriptBuildPhase;
			buildActionMask = 2147483647;
			files = (
			);
			inputFileListPaths = (
			);
			inputPaths = (
				"${PODS_PODFILE_DIR_PATH}/Podfile.lock",
				"${PODS_ROOT}/Manifest.lock",
			);
			name = "[CP] Check Pods Manifest.lock";
			outputFileListPaths = (
			);
			outputPaths = (
				"$(DERIVED_FILE_DIR)/Pods-ChatTemplateTests-checkManifestLockResult.txt",
			);
			runOnlyForDeploymentPostprocessing = 0;
			shellPath = /bin/sh;
			shellScript = "diff \"${PODS_PODFILE_DIR_PATH}/Podfile.lock\" \"${PODS_ROOT}/Manifest.lock\" > /dev/null\nif [ $? != 0 ] ; then\n    # print error to STDERR\n    echo \"error: The sandbox is not in sync with the Podfile.lock. Run 'pod install' or update your CocoaPods installation.\" >&2\n    exit 1\nfi\n# This output is used by Xcode 'outputs' to avoid re-running this script phase.\necho \"SUCCESS\" > \"${SCRIPT_OUTPUT_FILE_0}\"\n";
			showEnvVarsInLog = 0;
		};
		CA35418288F9C0518B4E7A01 /* [CP] Check Pods Manifest.lock */ = {
			isa = PBXShellScriptBuildPhase;
			buildActionMask = 2147483647;
			files = (
			);
			inputFileListPaths = (
			);
			inputPaths = (
				"${PODS_PODFILE_DIR_PATH}/Podfile.lock",
				"${PODS_ROOT}/Manifest.lock",
			);
			name = "[CP] Check Pods Manifest.lock";
			outputFileListPaths = (
			);
			outputPaths = (
				"$(DERIVED_FILE_DIR)/Pods-ChatTemplate-ChatTemplateUITests-checkManifestLockResult.txt",
			);
			runOnlyForDeploymentPostprocessing = 0;
			shellPath = /bin/sh;
			shellScript = "diff \"${PODS_PODFILE_DIR_PATH}/Podfile.lock\" \"${PODS_ROOT}/Manifest.lock\" > /dev/null\nif [ $? != 0 ] ; then\n    # print error to STDERR\n    echo \"error: The sandbox is not in sync with the Podfile.lock. Run 'pod install' or update your CocoaPods installation.\" >&2\n    exit 1\nfi\n# This output is used by Xcode 'outputs' to avoid re-running this script phase.\necho \"SUCCESS\" > \"${SCRIPT_OUTPUT_FILE_0}\"\n";
			showEnvVarsInLog = 0;
		};
/* End PBXShellScriptBuildPhase section */

/* Begin PBXSourcesBuildPhase section */
		0EF83EF724FCA3ED00948E25 /* Sources */ = {
			isa = PBXSourcesBuildPhase;
			buildActionMask = 2147483647;
			files = (
				0EF83FEB24FCA50E00948E25 /* Prefs.swift in Sources */,
				0EF8413B24FCB6E300948E25 /* ChatItemsModifierImpl.swift in Sources */,
				0EF83FE924FCA50E00948E25 /* PrefsImpl.swift in Sources */,
				0EF8412924FCB6E300948E25 /* MessageImageCellViewModel.swift in Sources */,
				0EF8413724FCB6E300948E25 /* ChatScreenViewModel.swift in Sources */,
				0E461671256E302200D9A9C9 /* AvatarImageViewModel.swift in Sources */,
				0EF83FE024FCA50E00948E25 /* UIActivityIndicatorUtils.swift in Sources */,
				0EF83FF224FCA50E00948E25 /* SplashScreenViewModel.swift in Sources */,
				0EF8413D24FCB6E300948E25 /* MessageImageOperationMock.swift in Sources */,
				0EF83FBE24FCA50E00948E25 /* ArticleInfo.swift in Sources */,
				0EF8413124FCB6E300948E25 /* ChatUser.swift in Sources */,
				0EF8414424FCD16600948E25 /* MessageBackgroundView.swift in Sources */,
				0EF8413024FCB6E300948E25 /* MessageTextCell.swift in Sources */,
				0EF8400524FCA50E00948E25 /* AppCoordinator.swift in Sources */,
				0EF83FCB24FCA50E00948E25 /* Provider.swift in Sources */,
				0EF83FE624FCA50E00948E25 /* DictionaryUtils.swift in Sources */,
				0EF8400E24FCA50E00948E25 /* SwitchNavigationController.swift in Sources */,
				0EF8415224FCD78B00948E25 /* ChatDetailViewPhotoViewModel.swift in Sources */,
				0E461673256E302200D9A9C9 /* AvatarImageView.swift in Sources */,
				0EF83FC824FCA50E00948E25 /* ProviderAPIBasic.swift in Sources */,
				0B635535258211EE00885800 /* AuthTarget.swift in Sources */,
				0EF83FE324FCA50E00948E25 /* DateUtils.swift in Sources */,
				0EF8413424FCB6E300948E25 /* ChatCell.swift in Sources */,
				0EF8400924FCA50E00948E25 /* AlertBuilder.swift in Sources */,
				0EF8414F24FCD67A00948E25 /* ChatDetailViewPhotoViewController.swift in Sources */,
				0EF8414624FCD43700948E25 /* UIView+Utils.swift in Sources */,
				0EF8415324FCD78B00948E25 /* ChatDetailViewPhotoViewModelImpl.swift in Sources */,
				0EF83FE724FCA50E00948E25 /* UINavigationControllerUtils.swift in Sources */,
				0E2E2CA32578DDBE00A09E34 /* MessageCellAdvancedViewModel.swift in Sources */,
				0EF8411F24FCB6E300948E25 /* ChatScreenViewModelMock.swift in Sources */,
				0EF83FCF24FCA50E00948E25 /* APIDecoder.swift in Sources */,
				0EF8400124FCA50E00948E25 /* BasicViewModelImpl.swift in Sources */,
				0EF83FCC24FCA50E00948E25 /* TokenRefresher.swift in Sources */,
				0EF83FCE24FCA50E00948E25 /* ProviderAPIWithRefreshToken.swift in Sources */,
				0EF8412624FCB6E300948E25 /* MessageCellViewModel.swift in Sources */,
				0EF83FE424FCA50E00948E25 /* UIViewControllerUtils.swift in Sources */,
				0E46166F256E302200D9A9C9 /* AvatarButton.swift in Sources */,
				0EF8400A24FCA50E00948E25 /* AlertModel.swift in Sources */,
				0EF83EFF24FCA3ED00948E25 /* AppDelegate.swift in Sources */,
				0E461670256E302200D9A9C9 /* AvatarImageViewModelImpl.swift in Sources */,
				0EF8415724FCDA4600948E25 /* ChatListViewController.swift in Sources */,
				0EF83FDD24FCA50E00948E25 /* Constant.swift in Sources */,
				0EF8413524FCB6E300948E25 /* ChatCellViewModel.swift in Sources */,
				0EF8413A24FCB6E300948E25 /* ChatItemsModifier.swift in Sources */,
				0EF83FD124FCA50E00948E25 /* AsyncOperation.swift in Sources */,
				0EF83FC724FCA50E00948E25 /* APIErrorProcessPlugin.swift in Sources */,
				0EF8400224FCA50E00948E25 /* LoadingIndicatorViewModel.swift in Sources */,
				0EF83FCA24FCA50E00948E25 /* DefaultAlamofireManager.swift in Sources */,
				0EF8413224FCB6E300948E25 /* MessageCell.swift in Sources */,
				0EF8412524FCB6E300948E25 /* ChatTimeCell.swift in Sources */,
				0EF83F0124FCA3ED00948E25 /* SceneDelegate.swift in Sources */,
				0EF8413824FCB6E300948E25 /* InputLayoutViewControllerImpl.swift in Sources */,
				0EF8412724FCB6E300948E25 /* Message.swift in Sources */,
				0EF8400D24FCA50E00948E25 /* BaseViewController.swift in Sources */,
				0EF8401524FCA50E00948E25 /* RootViewController.swift in Sources */,
				0EF8412D24FCB6E300948E25 /* MessageTextCellViewModel.swift in Sources */,
				0EF83FD024FCA50E00948E25 /* APIOperation.swift in Sources */,
				0EF83FCD24FCA50E00948E25 /* ProviderPlain.swift in Sources */,
				0EF8412124FCB6E300948E25 /* LoadMoreHeaderFooterView.swift in Sources */,
				0EF83FE124FCA50E00948E25 /* StringUtils.swift in Sources */,
				0EF83FBF24FCA50E00948E25 /* APIError.swift in Sources */,
				0EF83FF124FCA50E00948E25 /* SplashScreenViewModelImpl.swift in Sources */,
				0EF8412224FCB6E300948E25 /* ChatItemTimeCellViewModel.swift in Sources */,
				0EF83FBD24FCA50E00948E25 /* User.swift in Sources */,
				0EF8413E24FCB6E300948E25 /* MessageTextOperationMock.swift in Sources */,
				0EF8400024FCA50E00948E25 /* LoadingIndicatorViewModelImpl.swift in Sources */,
				0EF8413C24FCB6E300948E25 /* MessageOperationMock.swift in Sources */,
				0EF8412424FCB6E300948E25 /* ChatItemTimeCellViewModelImpl.swift in Sources */,
				0EF8400F24FCA50E00948E25 /* BaseNavigationController.swift in Sources */,
				0EF83FDF24FCA50E00948E25 /* Environment.swift in Sources */,
				0EF83FE824FCA50E00948E25 /* AppSecretsManager.swift in Sources */,
				0EF8413324FCB6E300948E25 /* MessageCellViewModelImpl.swift in Sources */,
				0EF8413624FCB6E300948E25 /* ChatScreenViewController.swift in Sources */,
				0EF8400324FCA50E00948E25 /* BasicViewModel.swift in Sources */,
				0E2E2CA22578DDBE00A09E34 /* ChatItemAdvancedViewModelManager.swift in Sources */,
				0EF8412C24FCB6E300948E25 /* MessageImageCellViewModelImpl.swift in Sources */,
				0EF8401624FCA50E00948E25 /* RootViewModel.swift in Sources */,
				0EF83FEA24FCA50E00948E25 /* Enum.swift in Sources */,
				0EF8413924FCB6E300948E25 /* InputLayoutViewController.swift in Sources */,
				0EF8400424FCA50E00948E25 /* AppCoordinatorImpl.swift in Sources */,
				0EF83FE224FCA50E00948E25 /* ArrayUtils.swift in Sources */,
				0EF83FF324FCA50E00948E25 /* SplashScreenViewController.swift in Sources */,
				0EF83FDE24FCA50E00948E25 /* UrlDef.swift in Sources */,
				0EF83FE524FCA50E00948E25 /* ContextInfo.swift in Sources */,
				0EF8412824FCB6E300948E25 /* MessageImageCell.swift in Sources */,
				0EF83FC124FCA50E00948E25 /* SampleTarget.swift in Sources */,
				0EF8412F24FCB6E300948E25 /* MessageTextCellViewModelImpl.swift in Sources */,
				0EEFEE502581C21C00DBCF3B /* MainCoordinator.swift in Sources */,
				0E46167C256E3CE700D9A9C9 /* CustomUIView.swift in Sources */,
				0E461684256E41FD00D9A9C9 /* UIBezierPathUtils.swift in Sources */,
				0EF8400C24FCA50E00948E25 /* AlertPresentableViewModel.swift in Sources */,
				0E2E2CA12578DDBE00A09E34 /* MessageCellAdvancedViewModelImpl.swift in Sources */,
				0EF83FC924FCA50E00948E25 /* TokenRefresherImpl.swift in Sources */,
				0EF8414924FCD4B100948E25 /* UIScrollView+Utils.swift in Sources */,
				0EF8401424FCA50E00948E25 /* RootViewModelImpl.swift in Sources */,
				0EF8400B24FCA50E00948E25 /* AlertPresentableView.swift in Sources */,
				0EF8414A24FCD4B100948E25 /* UITableView+Utils.swift in Sources */,
				0EF8400824FCA50E00948E25 /* Coordinator.swift in Sources */,
			);
			runOnlyForDeploymentPostprocessing = 0;
		};
		0EF83F0D24FCA3EE00948E25 /* Sources */ = {
			isa = PBXSourcesBuildPhase;
			buildActionMask = 2147483647;
			files = (
				0EF83F1624FCA3EE00948E25 /* ChatTemplateTests.swift in Sources */,
			);
			runOnlyForDeploymentPostprocessing = 0;
		};
		0EF83F1824FCA3EE00948E25 /* Sources */ = {
			isa = PBXSourcesBuildPhase;
			buildActionMask = 2147483647;
			files = (
				0EF83F2124FCA3EE00948E25 /* ChatTemplateUITests.swift in Sources */,
			);
			runOnlyForDeploymentPostprocessing = 0;
		};
/* End PBXSourcesBuildPhase section */

/* Begin PBXTargetDependency section */
		0EF83F1324FCA3EE00948E25 /* PBXTargetDependency */ = {
			isa = PBXTargetDependency;
			target = 0EF83EFA24FCA3ED00948E25 /* ChatTemplate */;
			targetProxy = 0EF83F1224FCA3EE00948E25 /* PBXContainerItemProxy */;
		};
		0EF83F1E24FCA3EE00948E25 /* PBXTargetDependency */ = {
			isa = PBXTargetDependency;
			target = 0EF83EFA24FCA3ED00948E25 /* ChatTemplate */;
			targetProxy = 0EF83F1D24FCA3EE00948E25 /* PBXContainerItemProxy */;
		};
/* End PBXTargetDependency section */

/* Begin PBXVariantGroup section */
		0EF83F0924FCA3EE00948E25 /* LaunchScreen.storyboard */ = {
			isa = PBXVariantGroup;
			children = (
				0EF83F0A24FCA3EE00948E25 /* Base */,
			);
			name = LaunchScreen.storyboard;
			sourceTree = "<group>";
		};
/* End PBXVariantGroup section */

/* Begin XCBuildConfiguration section */
		0EF83F2324FCA3EE00948E25 /* Debug */ = {
			isa = XCBuildConfiguration;
			baseConfigurationReference = 0EF83F4C24FCA50D00948E25 /* Staging.xcconfig */;
			buildSettings = {
				ALWAYS_SEARCH_USER_PATHS = NO;
				CLANG_ANALYZER_NONNULL = YES;
				CLANG_ANALYZER_NUMBER_OBJECT_CONVERSION = YES_AGGRESSIVE;
				CLANG_CXX_LANGUAGE_STANDARD = "gnu++14";
				CLANG_CXX_LIBRARY = "libc++";
				CLANG_ENABLE_MODULES = YES;
				CLANG_ENABLE_OBJC_ARC = YES;
				CLANG_ENABLE_OBJC_WEAK = YES;
				CLANG_WARN_BLOCK_CAPTURE_AUTORELEASING = YES;
				CLANG_WARN_BOOL_CONVERSION = YES;
				CLANG_WARN_COMMA = YES;
				CLANG_WARN_CONSTANT_CONVERSION = YES;
				CLANG_WARN_DEPRECATED_OBJC_IMPLEMENTATIONS = YES;
				CLANG_WARN_DIRECT_OBJC_ISA_USAGE = YES_ERROR;
				CLANG_WARN_DOCUMENTATION_COMMENTS = YES;
				CLANG_WARN_EMPTY_BODY = YES;
				CLANG_WARN_ENUM_CONVERSION = YES;
				CLANG_WARN_INFINITE_RECURSION = YES;
				CLANG_WARN_INT_CONVERSION = YES;
				CLANG_WARN_NON_LITERAL_NULL_CONVERSION = YES;
				CLANG_WARN_OBJC_IMPLICIT_RETAIN_SELF = YES;
				CLANG_WARN_OBJC_LITERAL_CONVERSION = YES;
				CLANG_WARN_OBJC_ROOT_CLASS = YES_ERROR;
				CLANG_WARN_RANGE_LOOP_ANALYSIS = YES;
				CLANG_WARN_STRICT_PROTOTYPES = YES;
				CLANG_WARN_SUSPICIOUS_MOVE = YES;
				CLANG_WARN_UNGUARDED_AVAILABILITY = YES_AGGRESSIVE;
				CLANG_WARN_UNREACHABLE_CODE = YES;
				CLANG_WARN__DUPLICATE_METHOD_MATCH = YES;
				COPY_PHASE_STRIP = NO;
				DEBUG_INFORMATION_FORMAT = dwarf;
				ENABLE_STRICT_OBJC_MSGSEND = YES;
				ENABLE_TESTABILITY = YES;
				GCC_C_LANGUAGE_STANDARD = gnu11;
				GCC_DYNAMIC_NO_PIC = NO;
				GCC_NO_COMMON_BLOCKS = YES;
				GCC_OPTIMIZATION_LEVEL = 0;
				GCC_PREPROCESSOR_DEFINITIONS = (
					"DEBUG=1",
					"$(inherited)",
				);
				GCC_WARN_64_TO_32_BIT_CONVERSION = YES;
				GCC_WARN_ABOUT_RETURN_TYPE = YES_ERROR;
				GCC_WARN_UNDECLARED_SELECTOR = YES;
				GCC_WARN_UNINITIALIZED_AUTOS = YES_AGGRESSIVE;
				GCC_WARN_UNUSED_FUNCTION = YES;
				GCC_WARN_UNUSED_VARIABLE = YES;
				IPHONEOS_DEPLOYMENT_TARGET = 13.6;
				MTL_ENABLE_DEBUG_INFO = INCLUDE_SOURCE;
				MTL_FAST_MATH = YES;
				ONLY_ACTIVE_ARCH = YES;
				SDKROOT = iphoneos;
				SWIFT_ACTIVE_COMPILATION_CONDITIONS = DEBUG;
				SWIFT_OPTIMIZATION_LEVEL = "-Onone";
			};
			name = Debug;
		};
		0EF83F2424FCA3EE00948E25 /* Release */ = {
			isa = XCBuildConfiguration;
			baseConfigurationReference = 0EF83F4D24FCA50D00948E25 /* Product.xcconfig */;
			buildSettings = {
				ALWAYS_SEARCH_USER_PATHS = NO;
				CLANG_ANALYZER_NONNULL = YES;
				CLANG_ANALYZER_NUMBER_OBJECT_CONVERSION = YES_AGGRESSIVE;
				CLANG_CXX_LANGUAGE_STANDARD = "gnu++14";
				CLANG_CXX_LIBRARY = "libc++";
				CLANG_ENABLE_MODULES = YES;
				CLANG_ENABLE_OBJC_ARC = YES;
				CLANG_ENABLE_OBJC_WEAK = YES;
				CLANG_WARN_BLOCK_CAPTURE_AUTORELEASING = YES;
				CLANG_WARN_BOOL_CONVERSION = YES;
				CLANG_WARN_COMMA = YES;
				CLANG_WARN_CONSTANT_CONVERSION = YES;
				CLANG_WARN_DEPRECATED_OBJC_IMPLEMENTATIONS = YES;
				CLANG_WARN_DIRECT_OBJC_ISA_USAGE = YES_ERROR;
				CLANG_WARN_DOCUMENTATION_COMMENTS = YES;
				CLANG_WARN_EMPTY_BODY = YES;
				CLANG_WARN_ENUM_CONVERSION = YES;
				CLANG_WARN_INFINITE_RECURSION = YES;
				CLANG_WARN_INT_CONVERSION = YES;
				CLANG_WARN_NON_LITERAL_NULL_CONVERSION = YES;
				CLANG_WARN_OBJC_IMPLICIT_RETAIN_SELF = YES;
				CLANG_WARN_OBJC_LITERAL_CONVERSION = YES;
				CLANG_WARN_OBJC_ROOT_CLASS = YES_ERROR;
				CLANG_WARN_RANGE_LOOP_ANALYSIS = YES;
				CLANG_WARN_STRICT_PROTOTYPES = YES;
				CLANG_WARN_SUSPICIOUS_MOVE = YES;
				CLANG_WARN_UNGUARDED_AVAILABILITY = YES_AGGRESSIVE;
				CLANG_WARN_UNREACHABLE_CODE = YES;
				CLANG_WARN__DUPLICATE_METHOD_MATCH = YES;
				COPY_PHASE_STRIP = NO;
				DEBUG_INFORMATION_FORMAT = "dwarf-with-dsym";
				ENABLE_NS_ASSERTIONS = NO;
				ENABLE_STRICT_OBJC_MSGSEND = YES;
				GCC_C_LANGUAGE_STANDARD = gnu11;
				GCC_NO_COMMON_BLOCKS = YES;
				GCC_WARN_64_TO_32_BIT_CONVERSION = YES;
				GCC_WARN_ABOUT_RETURN_TYPE = YES_ERROR;
				GCC_WARN_UNDECLARED_SELECTOR = YES;
				GCC_WARN_UNINITIALIZED_AUTOS = YES_AGGRESSIVE;
				GCC_WARN_UNUSED_FUNCTION = YES;
				GCC_WARN_UNUSED_VARIABLE = YES;
				IPHONEOS_DEPLOYMENT_TARGET = 13.6;
				MTL_ENABLE_DEBUG_INFO = NO;
				MTL_FAST_MATH = YES;
				SDKROOT = iphoneos;
				SWIFT_COMPILATION_MODE = wholemodule;
				SWIFT_OPTIMIZATION_LEVEL = "-O";
				VALIDATE_PRODUCT = YES;
			};
			name = Release;
		};
		0EF83F2624FCA3EE00948E25 /* Debug */ = {
			isa = XCBuildConfiguration;
			baseConfigurationReference = FA9FBCC89012FF2DCA5D6019 /* Pods-ChatTemplate.debug.xcconfig */;
			buildSettings = {
				ASSETCATALOG_COMPILER_APPICON_NAME = AppIcon;
				CODE_SIGN_STYLE = Automatic;
				INFOPLIST_FILE = ChatTemplate/Info.plist;
				IPHONEOS_DEPLOYMENT_TARGET = 12.0;
				LD_RUNPATH_SEARCH_PATHS = (
					"$(inherited)",
					"@executable_path/Frameworks",
				);
				PRODUCT_BUNDLE_IDENTIFIER = com.hienpham.ChatTemplate;
				PRODUCT_NAME = "$(TARGET_NAME)";
				SWIFT_ACTIVE_COMPILATION_CONDITIONS = "DEBUG FLEX_ENABLED";
				SWIFT_VERSION = 5.0;
				TARGETED_DEVICE_FAMILY = 1;
			};
			name = Debug;
		};
		0EF83F2724FCA3EE00948E25 /* Release */ = {
			isa = XCBuildConfiguration;
			baseConfigurationReference = 0536B91F0DD2D3EE0F5EEE73 /* Pods-ChatTemplate.release.xcconfig */;
			buildSettings = {
				ASSETCATALOG_COMPILER_APPICON_NAME = AppIcon;
				CODE_SIGN_STYLE = Automatic;
				INFOPLIST_FILE = ChatTemplate/Info.plist;
				IPHONEOS_DEPLOYMENT_TARGET = 12.0;
				LD_RUNPATH_SEARCH_PATHS = (
					"$(inherited)",
					"@executable_path/Frameworks",
				);
				PRODUCT_BUNDLE_IDENTIFIER = com.hienpham.ChatTemplate;
				PRODUCT_NAME = "$(TARGET_NAME)";
				SWIFT_VERSION = 5.0;
				TARGETED_DEVICE_FAMILY = 1;
			};
			name = Release;
		};
		0EF83F2924FCA3EE00948E25 /* Debug */ = {
			isa = XCBuildConfiguration;
			baseConfigurationReference = 020AAF9993DBFDA2EF58FE52 /* Pods-ChatTemplateTests.debug.xcconfig */;
			buildSettings = {
				ALWAYS_EMBED_SWIFT_STANDARD_LIBRARIES = YES;
				BUNDLE_LOADER = "$(TEST_HOST)";
				CODE_SIGN_STYLE = Automatic;
				INFOPLIST_FILE = ChatTemplateTests/Info.plist;
				IPHONEOS_DEPLOYMENT_TARGET = 13.6;
				LD_RUNPATH_SEARCH_PATHS = (
					"$(inherited)",
					"@executable_path/Frameworks",
					"@loader_path/Frameworks",
				);
				PRODUCT_BUNDLE_IDENTIFIER = com.hienpham.ChatTemplateTests;
				PRODUCT_NAME = "$(TARGET_NAME)";
				SWIFT_VERSION = 5.0;
				TARGETED_DEVICE_FAMILY = "1,2";
				TEST_HOST = "$(BUILT_PRODUCTS_DIR)/ChatTemplate.app/ChatTemplate";
			};
			name = Debug;
		};
		0EF83F2A24FCA3EE00948E25 /* Release */ = {
			isa = XCBuildConfiguration;
			baseConfigurationReference = 549A922ABA65B3DBADA98813 /* Pods-ChatTemplateTests.release.xcconfig */;
			buildSettings = {
				ALWAYS_EMBED_SWIFT_STANDARD_LIBRARIES = YES;
				BUNDLE_LOADER = "$(TEST_HOST)";
				CODE_SIGN_STYLE = Automatic;
				INFOPLIST_FILE = ChatTemplateTests/Info.plist;
				IPHONEOS_DEPLOYMENT_TARGET = 13.6;
				LD_RUNPATH_SEARCH_PATHS = (
					"$(inherited)",
					"@executable_path/Frameworks",
					"@loader_path/Frameworks",
				);
				PRODUCT_BUNDLE_IDENTIFIER = com.hienpham.ChatTemplateTests;
				PRODUCT_NAME = "$(TARGET_NAME)";
				SWIFT_VERSION = 5.0;
				TARGETED_DEVICE_FAMILY = "1,2";
				TEST_HOST = "$(BUILT_PRODUCTS_DIR)/ChatTemplate.app/ChatTemplate";
			};
			name = Release;
		};
		0EF83F2C24FCA3EE00948E25 /* Debug */ = {
			isa = XCBuildConfiguration;
			baseConfigurationReference = 355CB56F77E9150851A7D4C1 /* Pods-ChatTemplate-ChatTemplateUITests.debug.xcconfig */;
			buildSettings = {
				ALWAYS_EMBED_SWIFT_STANDARD_LIBRARIES = YES;
				CODE_SIGN_STYLE = Automatic;
				INFOPLIST_FILE = ChatTemplateUITests/Info.plist;
				LD_RUNPATH_SEARCH_PATHS = (
					"$(inherited)",
					"@executable_path/Frameworks",
					"@loader_path/Frameworks",
				);
				PRODUCT_BUNDLE_IDENTIFIER = com.hienpham.ChatTemplateUITests;
				PRODUCT_NAME = "$(TARGET_NAME)";
				SWIFT_VERSION = 5.0;
				TARGETED_DEVICE_FAMILY = "1,2";
				TEST_TARGET_NAME = ChatTemplate;
			};
			name = Debug;
		};
		0EF83F2D24FCA3EE00948E25 /* Release */ = {
			isa = XCBuildConfiguration;
			baseConfigurationReference = 09B183C6BDE7B96689D7C419 /* Pods-ChatTemplate-ChatTemplateUITests.release.xcconfig */;
			buildSettings = {
				ALWAYS_EMBED_SWIFT_STANDARD_LIBRARIES = YES;
				CODE_SIGN_STYLE = Automatic;
				INFOPLIST_FILE = ChatTemplateUITests/Info.plist;
				LD_RUNPATH_SEARCH_PATHS = (
					"$(inherited)",
					"@executable_path/Frameworks",
					"@loader_path/Frameworks",
				);
				PRODUCT_BUNDLE_IDENTIFIER = com.hienpham.ChatTemplateUITests;
				PRODUCT_NAME = "$(TARGET_NAME)";
				SWIFT_VERSION = 5.0;
				TARGETED_DEVICE_FAMILY = "1,2";
				TEST_TARGET_NAME = ChatTemplate;
			};
			name = Release;
		};
/* End XCBuildConfiguration section */

/* Begin XCConfigurationList section */
		0EF83EF624FCA3ED00948E25 /* Build configuration list for PBXProject "ChatTemplate" */ = {
			isa = XCConfigurationList;
			buildConfigurations = (
				0EF83F2324FCA3EE00948E25 /* Debug */,
				0EF83F2424FCA3EE00948E25 /* Release */,
			);
			defaultConfigurationIsVisible = 0;
			defaultConfigurationName = Release;
		};
		0EF83F2524FCA3EE00948E25 /* Build configuration list for PBXNativeTarget "ChatTemplate" */ = {
			isa = XCConfigurationList;
			buildConfigurations = (
				0EF83F2624FCA3EE00948E25 /* Debug */,
				0EF83F2724FCA3EE00948E25 /* Release */,
			);
			defaultConfigurationIsVisible = 0;
			defaultConfigurationName = Release;
		};
		0EF83F2824FCA3EE00948E25 /* Build configuration list for PBXNativeTarget "ChatTemplateTests" */ = {
			isa = XCConfigurationList;
			buildConfigurations = (
				0EF83F2924FCA3EE00948E25 /* Debug */,
				0EF83F2A24FCA3EE00948E25 /* Release */,
			);
			defaultConfigurationIsVisible = 0;
			defaultConfigurationName = Release;
		};
		0EF83F2B24FCA3EE00948E25 /* Build configuration list for PBXNativeTarget "ChatTemplateUITests" */ = {
			isa = XCConfigurationList;
			buildConfigurations = (
				0EF83F2C24FCA3EE00948E25 /* Debug */,
				0EF83F2D24FCA3EE00948E25 /* Release */,
			);
			defaultConfigurationIsVisible = 0;
			defaultConfigurationName = Release;
		};
/* End XCConfigurationList section */
	};
	rootObject = 0EF83EF324FCA3ED00948E25 /* Project object */;
}
